<?xml version="1.0" encoding="utf-8"?>
<Project ToolsVersion="16.0" xmlns="http://schemas.microsoft.com/developer/msbuild/2003">
  <ItemGroup>
    <ClCompile Include="C:\Users\Jonas\Documents\MyDocuments\ITU\GP\RenderEngineFork\SimpleRenderEngineProjectFork\Exercise6_jrya\Engine\Engine\Component.cpp">
      <Filter>Source Files</Filter>
    </ClCompile>
    <ClCompile Include="C:\Users\Jonas\Documents\MyDocuments\ITU\GP\RenderEngineFork\SimpleRenderEngineProjectFork\Exercise6_jrya\Engine\Engine\ComponentFactory.cpp">
      <Filter>Source Files</Filter>
    </ClCompile>
    <ClCompile Include="C:\Users\Jonas\Documents\MyDocuments\ITU\GP\RenderEngineFork\SimpleRenderEngineProjectFork\Exercise6_jrya\Engine\Engine\GameObject.cpp">
      <Filter>Source Files</Filter>
    </ClCompile>
    <ClCompile Include="C:\Users\Jonas\Documents\MyDocuments\ITU\GP\RenderEngineFork\SimpleRenderEngineProjectFork\Exercise6_jrya\Engine\Engine\MyEngine.cpp">
      <Filter>Source Files</Filter>
    </ClCompile>
  </ItemGroup>
  <ItemGroup>
    <ClInclude Include="C:\Users\Jonas\Documents\MyDocuments\ITU\GP\RenderEngineFork\SimpleRenderEngineProjectFork\Exercise6_jrya\Engine\3rdParty\rapidjson\allocators.h">
      <Filter>Header Files</Filter>
    </ClInclude>
    <ClInclude Include="C:\Users\Jonas\Documents\MyDocuments\ITU\GP\RenderEngineFork\SimpleRenderEngineProjectFork\Exercise6_jrya\Engine\3rdParty\rapidjson\document.h">
      <Filter>Header Files</Filter>
    </ClInclude>
    <ClInclude Include="C:\Users\Jonas\Documents\MyDocuments\ITU\GP\RenderEngineFork\SimpleRenderEngineProjectFork\Exercise6_jrya\Engine\3rdParty\rapidjson\encodedstream.h">
      <Filter>Header Files</Filter>
    </ClInclude>
    <ClInclude Include="C:\Users\Jonas\Documents\MyDocuments\ITU\GP\RenderEngineFork\SimpleRenderEngineProjectFork\Exercise6_jrya\Engine\3rdParty\rapidjson\encodings.h">
      <Filter>Header Files</Filter>
    </ClInclude>
    <ClInclude Include="C:\Users\Jonas\Documents\MyDocuments\ITU\GP\RenderEngineFork\SimpleRenderEngineProjectFork\Exercise6_jrya\Engine\3rdParty\rapidjson\error\en.h">
      <Filter>Header Files</Filter>
    </ClInclude>
    <ClInclude Include="C:\Users\Jonas\Documents\MyDocuments\ITU\GP\RenderEngineFork\SimpleRenderEngineProjectFork\Exercise6_jrya\Engine\3rdParty\rapidjson\error\error.h">
      <Filter>Header Files</Filter>
    </ClInclude>
    <ClInclude Include="C:\Users\Jonas\Documents\MyDocuments\ITU\GP\RenderEngineFork\SimpleRenderEngineProjectFork\Exercise6_jrya\Engine\3rdParty\rapidjson\filereadstream.h">
      <Filter>Header Files</Filter>
    </ClInclude>
    <ClInclude Include="C:\Users\Jonas\Documents\MyDocuments\ITU\GP\RenderEngineFork\SimpleRenderEngineProjectFork\Exercise6_jrya\Engine\3rdParty\rapidjson\filewritestream.h">
      <Filter>Header Files</Filter>
    </ClInclude>
    <ClInclude Include="C:\Users\Jonas\Documents\MyDocuments\ITU\GP\RenderEngineFork\SimpleRenderEngineProjectFork\Exercise6_jrya\Engine\3rdParty\rapidjson\fwd.h">
      <Filter>Header Files</Filter>
    </ClInclude>
    <ClInclude Include="C:\Users\Jonas\Documents\MyDocuments\ITU\GP\RenderEngineFork\SimpleRenderEngineProjectFork\Exercise6_jrya\Engine\3rdParty\rapidjson\internal\biginteger.h">
      <Filter>Header Files</Filter>
    </ClInclude>
    <ClInclude Include="C:\Users\Jonas\Documents\MyDocuments\ITU\GP\RenderEngineFork\SimpleRenderEngineProjectFork\Exercise6_jrya\Engine\3rdParty\rapidjson\internal\diyfp.h">
      <Filter>Header Files</Filter>
    </ClInclude>
    <ClInclude Include="C:\Users\Jonas\Documents\MyDocuments\ITU\GP\RenderEngineFork\SimpleRenderEngineProjectFork\Exercise6_jrya\Engine\3rdParty\rapidjson\internal\dtoa.h">
      <Filter>Header Files</Filter>
    </ClInclude>
    <ClInclude Include="C:\Users\Jonas\Documents\MyDocuments\ITU\GP\RenderEngineFork\SimpleRenderEngineProjectFork\Exercise6_jrya\Engine\3rdParty\rapidjson\internal\ieee754.h">
      <Filter>Header Files</Filter>
    </ClInclude>
    <ClInclude Include="C:\Users\Jonas\Documents\MyDocuments\ITU\GP\RenderEngineFork\SimpleRenderEngineProjectFork\Exercise6_jrya\Engine\3rdParty\rapidjson\internal\itoa.h">
      <Filter>Header Files</Filter>
    </ClInclude>
    <ClInclude Include="C:\Users\Jonas\Documents\MyDocuments\ITU\GP\RenderEngineFork\SimpleRenderEngineProjectFork\Exercise6_jrya\Engine\3rdParty\rapidjson\internal\meta.h">
      <Filter>Header Files</Filter>
    </ClInclude>
    <ClInclude Include="C:\Users\Jonas\Documents\MyDocuments\ITU\GP\RenderEngineFork\SimpleRenderEngineProjectFork\Exercise6_jrya\Engine\3rdParty\rapidjson\internal\pow10.h">
      <Filter>Header Files</Filter>
    </ClInclude>
    <ClInclude Include="C:\Users\Jonas\Documents\MyDocuments\ITU\GP\RenderEngineFork\SimpleRenderEngineProjectFork\Exercise6_jrya\Engine\3rdParty\rapidjson\internal\regex.h">
      <Filter>Header Files</Filter>
    </ClInclude>
    <ClInclude Include="C:\Users\Jonas\Documents\MyDocuments\ITU\GP\RenderEngineFork\SimpleRenderEngineProjectFork\Exercise6_jrya\Engine\3rdParty\rapidjson\internal\stack.h">
      <Filter>Header Files</Filter>
    </ClInclude>
    <ClInclude Include="C:\Users\Jonas\Documents\MyDocuments\ITU\GP\RenderEngineFork\SimpleRenderEngineProjectFork\Exercise6_jrya\Engine\3rdParty\rapidjson\internal\strfunc.h">
      <Filter>Header Files</Filter>
    </ClInclude>
    <ClInclude Include="C:\Users\Jonas\Documents\MyDocuments\ITU\GP\RenderEngineFork\SimpleRenderEngineProjectFork\Exercise6_jrya\Engine\3rdParty\rapidjson\internal\strtod.h">
      <Filter>Header Files</Filter>
    </ClInclude>
    <ClInclude Include="C:\Users\Jonas\Documents\MyDocuments\ITU\GP\RenderEngineFork\SimpleRenderEngineProjectFork\Exercise6_jrya\Engine\3rdParty\rapidjson\internal\swap.h">
      <Filter>Header Files</Filter>
    </ClInclude>
    <ClInclude Include="C:\Users\Jonas\Documents\MyDocuments\ITU\GP\RenderEngineFork\SimpleRenderEngineProjectFork\Exercise6_jrya\Engine\3rdParty\rapidjson\istreamwrapper.h">
      <Filter>Header Files</Filter>
    </ClInclude>
    <ClInclude Include="C:\Users\Jonas\Documents\MyDocuments\ITU\GP\RenderEngineFork\SimpleRenderEngineProjectFork\Exercise6_jrya\Engine\3rdParty\rapidjson\memorybuffer.h">
      <Filter>Header Files</Filter>
    </ClInclude>
    <ClInclude Include="C:\Users\Jonas\Documents\MyDocuments\ITU\GP\RenderEngineFork\SimpleRenderEngineProjectFork\Exercise6_jrya\Engine\3rdParty\rapidjson\memorystream.h">
      <Filter>Header Files</Filter>
    </ClInclude>
    <ClInclude Include="C:\Users\Jonas\Documents\MyDocuments\ITU\GP\RenderEngineFork\SimpleRenderEngineProjectFork\Exercise6_jrya\Engine\3rdParty\rapidjson\msinttypes\inttypes.h">
      <Filter>Header Files</Filter>
    </ClInclude>
    <ClInclude Include="C:\Users\Jonas\Documents\MyDocuments\ITU\GP\RenderEngineFork\SimpleRenderEngineProjectFork\Exercise6_jrya\Engine\3rdParty\rapidjson\msinttypes\stdint.h">
      <Filter>Header Files</Filter>
    </ClInclude>
    <ClInclude Include="C:\Users\Jonas\Documents\MyDocuments\ITU\GP\RenderEngineFork\SimpleRenderEngineProjectFork\Exercise6_jrya\Engine\3rdParty\rapidjson\ostreamwrapper.h">
      <Filter>Header Files</Filter>
    </ClInclude>
    <ClInclude Include="C:\Users\Jonas\Documents\MyDocuments\ITU\GP\RenderEngineFork\SimpleRenderEngineProjectFork\Exercise6_jrya\Engine\3rdParty\rapidjson\pointer.h">
      <Filter>Header Files</Filter>
    </ClInclude>
    <ClInclude Include="C:\Users\Jonas\Documents\MyDocuments\ITU\GP\RenderEngineFork\SimpleRenderEngineProjectFork\Exercise6_jrya\Engine\3rdParty\rapidjson\prettywriter.h">
      <Filter>Header Files</Filter>
    </ClInclude>
    <ClInclude Include="C:\Users\Jonas\Documents\MyDocuments\ITU\GP\RenderEngineFork\SimpleRenderEngineProjectFork\Exercise6_jrya\Engine\3rdParty\rapidjson\rapidjson.h">
      <Filter>Header Files</Filter>
    </ClInclude>
    <ClInclude Include="C:\Users\Jonas\Documents\MyDocuments\ITU\GP\RenderEngineFork\SimpleRenderEngineProjectFork\Exercise6_jrya\Engine\3rdParty\rapidjson\reader.h">
      <Filter>Header Files</Filter>
    </ClInclude>
    <ClInclude Include="C:\Users\Jonas\Documents\MyDocuments\ITU\GP\RenderEngineFork\SimpleRenderEngineProjectFork\Exercise6_jrya\Engine\3rdParty\rapidjson\schema.h">
      <Filter>Header Files</Filter>
    </ClInclude>
    <ClInclude Include="C:\Users\Jonas\Documents\MyDocuments\ITU\GP\RenderEngineFork\SimpleRenderEngineProjectFork\Exercise6_jrya\Engine\3rdParty\rapidjson\stream.h">
      <Filter>Header Files</Filter>
    </ClInclude>
    <ClInclude Include="C:\Users\Jonas\Documents\MyDocuments\ITU\GP\RenderEngineFork\SimpleRenderEngineProjectFork\Exercise6_jrya\Engine\3rdParty\rapidjson\stringbuffer.h">
      <Filter>Header Files</Filter>
    </ClInclude>
    <ClInclude Include="C:\Users\Jonas\Documents\MyDocuments\ITU\GP\RenderEngineFork\SimpleRenderEngineProjectFork\Exercise6_jrya\Engine\3rdParty\rapidjson\writer.h">
      <Filter>Header Files</Filter>
    </ClInclude>
    <ClInclude Include="C:\Users\Jonas\Documents\MyDocuments\ITU\GP\RenderEngineFork\SimpleRenderEngineProjectFork\Exercise6_jrya\Engine\Engine\Component.h">
      <Filter>Header Files</Filter>
    </ClInclude>
    <ClInclude Include="C:\Users\Jonas\Documents\MyDocuments\ITU\GP\RenderEngineFork\SimpleRenderEngineProjectFork\Exercise6_jrya\Engine\Engine\ComponentFactory.h">
      <Filter>Header Files</Filter>
    </ClInclude>
    <ClInclude Include="C:\Users\Jonas\Documents\MyDocuments\ITU\GP\RenderEngineFork\SimpleRenderEngineProjectFork\Exercise6_jrya\Engine\Engine\GameObject.h">
      <Filter>Header Files</Filter>
    </ClInclude>
    <ClInclude Include="C:\Users\Jonas\Documents\MyDocuments\ITU\GP\RenderEngineFork\SimpleRenderEngineProjectFork\Exercise6_jrya\Engine\Engine\Logger.h">
      <Filter>Header Files</Filter>
    </ClInclude>
    <ClInclude Include="C:\Users\Jonas\Documents\MyDocuments\ITU\GP\RenderEngineFork\SimpleRenderEngineProjectFork\Exercise6_jrya\Engine\Engine\MyEngine.h">
      <Filter>Header Files</Filter>
    </ClInclude>
  </ItemGroup>
  <ItemGroup>
    <CustomBuild Include="C:\Users\Jonas\Documents\MyDocuments\ITU\GP\RenderEngineFork\SimpleRenderEngineProjectFork\Exercise6_jrya\Engine\CMakeLists.txt" />
  </ItemGroup>
  <ItemGroup>
    <Filter Include="Header Files">
      <UniqueIdentifier>{641A3FFC-D74C-3405-8C9A-20AEEBF13EA2}</UniqueIdentifier>
    </Filter>
    <Filter Include="Source Files">
      <UniqueIdentifier>{83B26BA2-6ABE-3014-BA96-FF245FECE9E8}</UniqueIdentifier>
    </Filter>
  </ItemGroup>
</Project>
