<?xml version="1.0" encoding="utf-8"?>
<Project ToolsVersion="16.0" xmlns="http://schemas.microsoft.com/developer/msbuild/2003">
  <ItemGroup>
    <ClCompile Include="C:\Users\Jonas\Documents\MyDocuments\ITU\GP\RenderEngineFork\SimpleRenderEngineProjectFork\project\gui\CameraComponent.cpp">
      <Filter>Source Files</Filter>
    </ClCompile>
    <ClCompile Include="C:\Users\Jonas\Documents\MyDocuments\ITU\GP\RenderEngineFork\SimpleRenderEngineProjectFork\project\gui\Component.cpp">
      <Filter>Source Files</Filter>
    </ClCompile>
    <ClCompile Include="C:\Users\Jonas\Documents\MyDocuments\ITU\GP\RenderEngineFork\SimpleRenderEngineProjectFork\project\gui\GameObject.cpp">
      <Filter>Source Files</Filter>
    </ClCompile>
    <ClCompile Include="C:\Users\Jonas\Documents\MyDocuments\ITU\GP\RenderEngineFork\SimpleRenderEngineProjectFork\project\gui\Hero.cpp">
      <Filter>Source Files</Filter>
    </ClCompile>
    <ClCompile Include="C:\Users\Jonas\Documents\MyDocuments\ITU\GP\RenderEngineFork\SimpleRenderEngineProjectFork\project\gui\MainMenuComponent.cpp">
      <Filter>Source Files</Filter>
    </ClCompile>
    <ClCompile Include="C:\Users\Jonas\Documents\MyDocuments\ITU\GP\RenderEngineFork\SimpleRenderEngineProjectFork\project\gui\RPG.cpp">
      <Filter>Source Files</Filter>
    </ClCompile>
    <ClCompile Include="C:\Users\Jonas\Documents\MyDocuments\ITU\GP\RenderEngineFork\SimpleRenderEngineProjectFork\project\gui\Scene.cpp">
      <Filter>Source Files</Filter>
    </ClCompile>
    <ClCompile Include="C:\Users\Jonas\Documents\MyDocuments\ITU\GP\RenderEngineFork\SimpleRenderEngineProjectFork\project\gui\SpriteComponent.cpp">
      <Filter>Source Files</Filter>
    </ClCompile>
  </ItemGroup>
  <ItemGroup>
    <ClInclude Include="C:\Users\Jonas\Documents\MyDocuments\ITU\GP\RenderEngineFork\SimpleRenderEngineProjectFork\project\gui\CameraComponent.hpp">
      <Filter>Header Files</Filter>
    </ClInclude>
    <ClInclude Include="C:\Users\Jonas\Documents\MyDocuments\ITU\GP\RenderEngineFork\SimpleRenderEngineProjectFork\project\gui\Component.hpp">
      <Filter>Header Files</Filter>
    </ClInclude>
    <ClInclude Include="C:\Users\Jonas\Documents\MyDocuments\ITU\GP\RenderEngineFork\SimpleRenderEngineProjectFork\project\gui\GameObject.hpp">
      <Filter>Header Files</Filter>
    </ClInclude>
    <ClInclude Include="C:\Users\Jonas\Documents\MyDocuments\ITU\GP\RenderEngineFork\SimpleRenderEngineProjectFork\project\gui\Hero.hpp">
      <Filter>Header Files</Filter>
    </ClInclude>
    <ClInclude Include="C:\Users\Jonas\Documents\MyDocuments\ITU\GP\RenderEngineFork\SimpleRenderEngineProjectFork\project\gui\MainMenuComponent.h">
      <Filter>Header Files</Filter>
    </ClInclude>
    <ClInclude Include="C:\Users\Jonas\Documents\MyDocuments\ITU\GP\RenderEngineFork\SimpleRenderEngineProjectFork\project\gui\RPG.h">
      <Filter>Header Files</Filter>
    </ClInclude>
    <ClInclude Include="C:\Users\Jonas\Documents\MyDocuments\ITU\GP\RenderEngineFork\SimpleRenderEngineProjectFork\project\gui\Scene.h">
      <Filter>Header Files</Filter>
    </ClInclude>
    <ClInclude Include="C:\Users\Jonas\Documents\MyDocuments\ITU\GP\RenderEngineFork\SimpleRenderEngineProjectFork\project\gui\SpriteComponent.hpp">
      <Filter>Header Files</Filter>
    </ClInclude>
  </ItemGroup>
  <ItemGroup>
    <CustomBuild Include="C:\Users\Jonas\Documents\MyDocuments\ITU\GP\RenderEngineFork\SimpleRenderEngineProjectFork\project\gui\CMakeLists.txt" />
  </ItemGroup>
  <ItemGroup>
    <Filter Include="Header Files">
      <UniqueIdentifier>{641A3FFC-D74C-3405-8C9A-20AEEBF13EA2}</UniqueIdentifier>
    </Filter>
    <Filter Include="Source Files">
      <UniqueIdentifier>{83B26BA2-6ABE-3014-BA96-FF245FECE9E8}</UniqueIdentifier>
    </Filter>
  </ItemGroup>
</Project>
