
Microsoft Visual Studio Solution File, Format Version 12.00
# Visual Studio Version 16
Project("{8BC9CEB8-8B4A-11D0-8D11-00A0C91BC942}") = "ALL_BUILD", "ALL_BUILD.vcxproj", "{66D51AFE-3ED4-3BB0-8D29-480E24D3DEAE}"
	ProjectSection(ProjectDependencies) = postProject
		{4992898B-A957-3274-9882-F89315472242} = {4992898B-A957-3274-9882-F89315472242}
		{5D3A65B4-DB5F-32F7-B341-EEC8C7251213} = {5D3A65B4-DB5F-32F7-B341-EEC8C7251213}
		{DE6F5DE7-B645-3501-BCFA-8B703230DBBB} = {DE6F5DE7-B645-3501-BCFA-8B703230DBBB}
		{CA097143-F98C-3778-A1FE-DFCF48B29259} = {CA097143-F98C-3778-A1FE-DFCF48B29259}
		{943B64B1-5F7B-3047-8CDA-EEC40516386A} = {943B64B1-5F7B-3047-8CDA-EEC40516386A}
		{BEA1DC55-1EB0-3695-AF54-A31ECFA936AD} = {BEA1DC55-1EB0-3695-AF54-A31ECFA936AD}
		{850FF78B-E485-33B3-A749-FE21C4F25821} = {850FF78B-E485-33B3-A749-FE21C4F25821}
		{83E83D5B-BF61-394E-8C7A-54563519B63F} = {83E83D5B-BF61-394E-8C7A-54563519B63F}
		{3663F89F-E470-37F1-A7F4-D418E56DCDB3} = {3663F89F-E470-37F1-A7F4-D418E56DCDB3}
		{87BC2CD3-8ACA-3306-86C2-626CA9CDD5B3} = {87BC2CD3-8ACA-3306-86C2-626CA9CDD5B3}
		{B33C2A45-BE51-386C-9F77-04636AED0065} = {B33C2A45-BE51-386C-9F77-04636AED0065}
		{BF6F4725-3866-30C8-8223-48CD088151D5} = {BF6F4725-3866-30C8-8223-48CD088151D5}
		{5846DCAC-6170-3B02-AEA0-F000458A123A} = {5846DCAC-6170-3B02-AEA0-F000458A123A}
		{BCA18687-6A6C-38EF-B101-A824F986C2B3} = {BCA18687-6A6C-38EF-B101-A824F986C2B3}
		{892C686B-8A23-39BC-AB79-E32E0B4FAEC0} = {892C686B-8A23-39BC-AB79-E32E0B4FAEC0}
		{5FD2B6CF-98B9-34B1-A2C1-5E10930C1B6A} = {5FD2B6CF-98B9-34B1-A2C1-5E10930C1B6A}
		{B7BB1772-91DF-35EF-8880-319F6E5E0662} = {B7BB1772-91DF-35EF-8880-319F6E5E0662}
		{0670DCE0-B782-354A-9270-565F45605C5A} = {0670DCE0-B782-354A-9270-565F45605C5A}
		{01E96227-B558-36A4-A398-598EFB9F2936} = {01E96227-B558-36A4-A398-598EFB9F2936}
		{51F0D95C-EA32-3F98-8159-2836128337A5} = {51F0D95C-EA32-3F98-8159-2836128337A5}
	EndProjectSection
EndProject
Project("{8BC9CEB8-8B4A-11D0-8D11-00A0C91BC942}") = "INSTALL", "INSTALL.vcxproj", "{B83D70DF-518C-3602-BB28-94181D35361D}"
	ProjectSection(ProjectDependencies) = postProject
		{66D51AFE-3ED4-3BB0-8D29-480E24D3DEAE} = {66D51AFE-3ED4-3BB0-8D29-480E24D3DEAE}
		{51F0D95C-EA32-3F98-8159-2836128337A5} = {51F0D95C-EA32-3F98-8159-2836128337A5}
	EndProjectSection
EndProject
Project("{8BC9CEB8-8B4A-11D0-8D11-00A0C91BC942}") = "SRE", "src\SRE.vcxproj", "{4992898B-A957-3274-9882-F89315472242}"
	ProjectSection(ProjectDependencies) = postProject
		{51F0D95C-EA32-3F98-8159-2836128337A5} = {51F0D95C-EA32-3F98-8159-2836128337A5}
	EndProjectSection
EndProject
Project("{8BC9CEB8-8B4A-11D0-8D11-00A0C91BC942}") = "SRE-Example-00_hello-engine", "examples\SRE-Example-00_hello-engine.vcxproj", "{5D3A65B4-DB5F-32F7-B341-EEC8C7251213}"
	ProjectSection(ProjectDependencies) = postProject
		{4992898B-A957-3274-9882-F89315472242} = {4992898B-A957-3274-9882-F89315472242}
		{51F0D95C-EA32-3F98-8159-2836128337A5} = {51F0D95C-EA32-3F98-8159-2836128337A5}
	EndProjectSection
EndProject
Project("{8BC9CEB8-8B4A-11D0-8D11-00A0C91BC942}") = "SRE-Example-01_hello-engine-raw", "examples\SRE-Example-01_hello-engine-raw.vcxproj", "{DE6F5DE7-B645-3501-BCFA-8B703230DBBB}"
	ProjectSection(ProjectDependencies) = postProject
		{4992898B-A957-3274-9882-F89315472242} = {4992898B-A957-3274-9882-F89315472242}
		{51F0D95C-EA32-3F98-8159-2836128337A5} = {51F0D95C-EA32-3F98-8159-2836128337A5}
	EndProjectSection
EndProject
Project("{8BC9CEB8-8B4A-11D0-8D11-00A0C91BC942}") = "SRE-Example-02_spheres", "examples\SRE-Example-02_spheres.vcxproj", "{CA097143-F98C-3778-A1FE-DFCF48B29259}"
	ProjectSection(ProjectDependencies) = postProject
		{4992898B-A957-3274-9882-F89315472242} = {4992898B-A957-3274-9882-F89315472242}
		{51F0D95C-EA32-3F98-8159-2836128337A5} = {51F0D95C-EA32-3F98-8159-2836128337A5}
	EndProjectSection
EndProject
Project("{8BC9CEB8-8B4A-11D0-8D11-00A0C91BC942}") = "SRE-Example-03_spinning-cube", "examples\SRE-Example-03_spinning-cube.vcxproj", "{943B64B1-5F7B-3047-8CDA-EEC40516386A}"
	ProjectSection(ProjectDependencies) = postProject
		{4992898B-A957-3274-9882-F89315472242} = {4992898B-A957-3274-9882-F89315472242}
		{51F0D95C-EA32-3F98-8159-2836128337A5} = {51F0D95C-EA32-3F98-8159-2836128337A5}
	EndProjectSection
EndProject
Project("{8BC9CEB8-8B4A-11D0-8D11-00A0C91BC942}") = "SRE-Example-04_spinning-primitives-tex", "examples\SRE-Example-04_spinning-primitives-tex.vcxproj", "{BEA1DC55-1EB0-3695-AF54-A31ECFA936AD}"
	ProjectSection(ProjectDependencies) = postProject
		{4992898B-A957-3274-9882-F89315472242} = {4992898B-A957-3274-9882-F89315472242}
		{51F0D95C-EA32-3F98-8159-2836128337A5} = {51F0D95C-EA32-3F98-8159-2836128337A5}
	EndProjectSection
EndProject
Project("{8BC9CEB8-8B4A-11D0-8D11-00A0C91BC942}") = "SRE-Example-05_obj-viewer", "examples\SRE-Example-05_obj-viewer.vcxproj", "{850FF78B-E485-33B3-A749-FE21C4F25821}"
	ProjectSection(ProjectDependencies) = postProject
		{4992898B-A957-3274-9882-F89315472242} = {4992898B-A957-3274-9882-F89315472242}
		{51F0D95C-EA32-3F98-8159-2836128337A5} = {51F0D95C-EA32-3F98-8159-2836128337A5}
	EndProjectSection
EndProject
Project("{8BC9CEB8-8B4A-11D0-8D11-00A0C91BC942}") = "SRE-Example-06_custom-mesh-layout", "examples\SRE-Example-06_custom-mesh-layout.vcxproj", "{83E83D5B-BF61-394E-8C7A-54563519B63F}"
	ProjectSection(ProjectDependencies) = postProject
		{4992898B-A957-3274-9882-F89315472242} = {4992898B-A957-3274-9882-F89315472242}
		{51F0D95C-EA32-3F98-8159-2836128337A5} = {51F0D95C-EA32-3F98-8159-2836128337A5}
	EndProjectSection
EndProject
Project("{8BC9CEB8-8B4A-11D0-8D11-00A0C91BC942}") = "SRE-Example-07_matcap", "examples\SRE-Example-07_matcap.vcxproj", "{3663F89F-E470-37F1-A7F4-D418E56DCDB3}"
	ProjectSection(ProjectDependencies) = postProject
		{4992898B-A957-3274-9882-F89315472242} = {4992898B-A957-3274-9882-F89315472242}
		{51F0D95C-EA32-3F98-8159-2836128337A5} = {51F0D95C-EA32-3F98-8159-2836128337A5}
	EndProjectSection
EndProject
Project("{8BC9CEB8-8B4A-11D0-8D11-00A0C91BC942}") = "SRE-Example-08_gui", "examples\SRE-Example-08_gui.vcxproj", "{87BC2CD3-8ACA-3306-86C2-626CA9CDD5B3}"
	ProjectSection(ProjectDependencies) = postProject
		{4992898B-A957-3274-9882-F89315472242} = {4992898B-A957-3274-9882-F89315472242}
		{51F0D95C-EA32-3F98-8159-2836128337A5} = {51F0D95C-EA32-3F98-8159-2836128337A5}
	EndProjectSection
EndProject
Project("{8BC9CEB8-8B4A-11D0-8D11-00A0C91BC942}") = "SRE-Example-09_picking", "examples\SRE-Example-09_picking.vcxproj", "{B33C2A45-BE51-386C-9F77-04636AED0065}"
	ProjectSection(ProjectDependencies) = postProject
		{4992898B-A957-3274-9882-F89315472242} = {4992898B-A957-3274-9882-F89315472242}
		{51F0D95C-EA32-3F98-8159-2836128337A5} = {51F0D95C-EA32-3F98-8159-2836128337A5}
	EndProjectSection
EndProject
Project("{8BC9CEB8-8B4A-11D0-8D11-00A0C91BC942}") = "SRE-Example-10_skybox-example", "examples\SRE-Example-10_skybox-example.vcxproj", "{BF6F4725-3866-30C8-8223-48CD088151D5}"
	ProjectSection(ProjectDependencies) = postProject
		{4992898B-A957-3274-9882-F89315472242} = {4992898B-A957-3274-9882-F89315472242}
		{51F0D95C-EA32-3F98-8159-2836128337A5} = {51F0D95C-EA32-3F98-8159-2836128337A5}
	EndProjectSection
EndProject
Project("{8BC9CEB8-8B4A-11D0-8D11-00A0C91BC942}") = "SRE-Example-11_sprite-example", "examples\SRE-Example-11_sprite-example.vcxproj", "{5846DCAC-6170-3B02-AEA0-F000458A123A}"
	ProjectSection(ProjectDependencies) = postProject
		{4992898B-A957-3274-9882-F89315472242} = {4992898B-A957-3274-9882-F89315472242}
		{51F0D95C-EA32-3F98-8159-2836128337A5} = {51F0D95C-EA32-3F98-8159-2836128337A5}
	EndProjectSection
EndProject
Project("{8BC9CEB8-8B4A-11D0-8D11-00A0C91BC942}") = "SRE-Example-12_render-to-texture", "examples\SRE-Example-12_render-to-texture.vcxproj", "{BCA18687-6A6C-38EF-B101-A824F986C2B3}"
	ProjectSection(ProjectDependencies) = postProject
		{4992898B-A957-3274-9882-F89315472242} = {4992898B-A957-3274-9882-F89315472242}
		{51F0D95C-EA32-3F98-8159-2836128337A5} = {51F0D95C-EA32-3F98-8159-2836128337A5}
	EndProjectSection
EndProject
Project("{8BC9CEB8-8B4A-11D0-8D11-00A0C91BC942}") = "SRE-Example-13_benchmark64k", "examples\SRE-Example-13_benchmark64k.vcxproj", "{892C686B-8A23-39BC-AB79-E32E0B4FAEC0}"
	ProjectSection(ProjectDependencies) = postProject
		{4992898B-A957-3274-9882-F89315472242} = {4992898B-A957-3274-9882-F89315472242}
		{51F0D95C-EA32-3F98-8159-2836128337A5} = {51F0D95C-EA32-3F98-8159-2836128337A5}
	EndProjectSection
EndProject
Project("{8BC9CEB8-8B4A-11D0-8D11-00A0C91BC942}") = "SRE-Example-14_spinning-primitives-openvr", "examples\SRE-Example-14_spinning-primitives-openvr.vcxproj", "{5FD2B6CF-98B9-34B1-A2C1-5E10930C1B6A}"
	ProjectSection(ProjectDependencies) = postProject
		{4992898B-A957-3274-9882-F89315472242} = {4992898B-A957-3274-9882-F89315472242}
		{51F0D95C-EA32-3F98-8159-2836128337A5} = {51F0D95C-EA32-3F98-8159-2836128337A5}
	EndProjectSection
EndProject
Project("{8BC9CEB8-8B4A-11D0-8D11-00A0C91BC942}") = "SRE-Example-15_cloth_simulation", "examples\SRE-Example-15_cloth_simulation.vcxproj", "{B7BB1772-91DF-35EF-8880-319F6E5E0662}"
	ProjectSection(ProjectDependencies) = postProject
		{4992898B-A957-3274-9882-F89315472242} = {4992898B-A957-3274-9882-F89315472242}
		{51F0D95C-EA32-3F98-8159-2836128337A5} = {51F0D95C-EA32-3F98-8159-2836128337A5}
	EndProjectSection
EndProject
Project("{8BC9CEB8-8B4A-11D0-8D11-00A0C91BC942}") = "SRE-Example-16_shadows", "examples\SRE-Example-16_shadows.vcxproj", "{0670DCE0-B782-354A-9270-565F45605C5A}"
	ProjectSection(ProjectDependencies) = postProject
		{4992898B-A957-3274-9882-F89315472242} = {4992898B-A957-3274-9882-F89315472242}
		{51F0D95C-EA32-3F98-8159-2836128337A5} = {51F0D95C-EA32-3F98-8159-2836128337A5}
	EndProjectSection
EndProject
Project("{8BC9CEB8-8B4A-11D0-8D11-00A0C91BC942}") = "SRE-Example-17_deferred-shading", "examples\SRE-Example-17_deferred-shading.vcxproj", "{01E96227-B558-36A4-A398-598EFB9F2936}"
	ProjectSection(ProjectDependencies) = postProject
		{4992898B-A957-3274-9882-F89315472242} = {4992898B-A957-3274-9882-F89315472242}
		{51F0D95C-EA32-3F98-8159-2836128337A5} = {51F0D95C-EA32-3F98-8159-2836128337A5}
	EndProjectSection
EndProject
Project("{8BC9CEB8-8B4A-11D0-8D11-00A0C91BC942}") = "ZERO_CHECK", "..\..\\ZERO_CHECK.vcxproj", "{51F0D95C-EA32-3F98-8159-2836128337A5}"
	ProjectSection(ProjectDependencies) = postProject
	EndProjectSection
EndProject
Global
	GlobalSection(SolutionConfigurationPlatforms) = preSolution
		Debug|Win32 = Debug|Win32
		Release|Win32 = Release|Win32
		MinSizeRel|Win32 = MinSizeRel|Win32
		RelWithDebInfo|Win32 = RelWithDebInfo|Win32
	EndGlobalSection
	GlobalSection(ProjectConfigurationPlatforms) = postSolution
		{66D51AFE-3ED4-3BB0-8D29-480E24D3DEAE}.Debug|Win32.ActiveCfg = Debug|Win32
		{66D51AFE-3ED4-3BB0-8D29-480E24D3DEAE}.Debug|Win32.Build.0 = Debug|Win32
		{66D51AFE-3ED4-3BB0-8D29-480E24D3DEAE}.Release|Win32.ActiveCfg = Release|Win32
		{66D51AFE-3ED4-3BB0-8D29-480E24D3DEAE}.Release|Win32.Build.0 = Release|Win32
		{66D51AFE-3ED4-3BB0-8D29-480E24D3DEAE}.MinSizeRel|Win32.ActiveCfg = MinSizeRel|Win32
		{66D51AFE-3ED4-3BB0-8D29-480E24D3DEAE}.MinSizeRel|Win32.Build.0 = MinSizeRel|Win32
		{66D51AFE-3ED4-3BB0-8D29-480E24D3DEAE}.RelWithDebInfo|Win32.ActiveCfg = RelWithDebInfo|Win32
		{66D51AFE-3ED4-3BB0-8D29-480E24D3DEAE}.RelWithDebInfo|Win32.Build.0 = RelWithDebInfo|Win32
		{B83D70DF-518C-3602-BB28-94181D35361D}.Debug|Win32.ActiveCfg = Debug|Win32
		{B83D70DF-518C-3602-BB28-94181D35361D}.Release|Win32.ActiveCfg = Release|Win32
		{B83D70DF-518C-3602-BB28-94181D35361D}.MinSizeRel|Win32.ActiveCfg = MinSizeRel|Win32
		{B83D70DF-518C-3602-BB28-94181D35361D}.RelWithDebInfo|Win32.ActiveCfg = RelWithDebInfo|Win32
		{4992898B-A957-3274-9882-F89315472242}.Debug|Win32.ActiveCfg = Debug|Win32
		{4992898B-A957-3274-9882-F89315472242}.Debug|Win32.Build.0 = Debug|Win32
		{4992898B-A957-3274-9882-F89315472242}.Release|Win32.ActiveCfg = Release|Win32
		{4992898B-A957-3274-9882-F89315472242}.Release|Win32.Build.0 = Release|Win32
		{4992898B-A957-3274-9882-F89315472242}.MinSizeRel|Win32.ActiveCfg = MinSizeRel|Win32
		{4992898B-A957-3274-9882-F89315472242}.MinSizeRel|Win32.Build.0 = MinSizeRel|Win32
		{4992898B-A957-3274-9882-F89315472242}.RelWithDebInfo|Win32.ActiveCfg = RelWithDebInfo|Win32
		{4992898B-A957-3274-9882-F89315472242}.RelWithDebInfo|Win32.Build.0 = RelWithDebInfo|Win32
		{5D3A65B4-DB5F-32F7-B341-EEC8C7251213}.Debug|Win32.ActiveCfg = Debug|Win32
		{5D3A65B4-DB5F-32F7-B341-EEC8C7251213}.Debug|Win32.Build.0 = Debug|Win32
		{5D3A65B4-DB5F-32F7-B341-EEC8C7251213}.Release|Win32.ActiveCfg = Release|Win32
		{5D3A65B4-DB5F-32F7-B341-EEC8C7251213}.Release|Win32.Build.0 = Release|Win32
		{5D3A65B4-DB5F-32F7-B341-EEC8C7251213}.MinSizeRel|Win32.ActiveCfg = MinSizeRel|Win32
		{5D3A65B4-DB5F-32F7-B341-EEC8C7251213}.MinSizeRel|Win32.Build.0 = MinSizeRel|Win32
		{5D3A65B4-DB5F-32F7-B341-EEC8C7251213}.RelWithDebInfo|Win32.ActiveCfg = RelWithDebInfo|Win32
		{5D3A65B4-DB5F-32F7-B341-EEC8C7251213}.RelWithDebInfo|Win32.Build.0 = RelWithDebInfo|Win32
		{DE6F5DE7-B645-3501-BCFA-8B703230DBBB}.Debug|Win32.ActiveCfg = Debug|Win32
		{DE6F5DE7-B645-3501-BCFA-8B703230DBBB}.Debug|Win32.Build.0 = Debug|Win32
		{DE6F5DE7-B645-3501-BCFA-8B703230DBBB}.Release|Win32.ActiveCfg = Release|Win32
		{DE6F5DE7-B645-3501-BCFA-8B703230DBBB}.Release|Win32.Build.0 = Release|Win32
		{DE6F5DE7-B645-3501-BCFA-8B703230DBBB}.MinSizeRel|Win32.ActiveCfg = MinSizeRel|Win32
		{DE6F5DE7-B645-3501-BCFA-8B703230DBBB}.MinSizeRel|Win32.Build.0 = MinSizeRel|Win32
		{DE6F5DE7-B645-3501-BCFA-8B703230DBBB}.RelWithDebInfo|Win32.ActiveCfg = RelWithDebInfo|Win32
		{DE6F5DE7-B645-3501-BCFA-8B703230DBBB}.RelWithDebInfo|Win32.Build.0 = RelWithDebInfo|Win32
		{CA097143-F98C-3778-A1FE-DFCF48B29259}.Debug|Win32.ActiveCfg = Debug|Win32
		{CA097143-F98C-3778-A1FE-DFCF48B29259}.Debug|Win32.Build.0 = Debug|Win32
		{CA097143-F98C-3778-A1FE-DFCF48B29259}.Release|Win32.ActiveCfg = Release|Win32
		{CA097143-F98C-3778-A1FE-DFCF48B29259}.Release|Win32.Build.0 = Release|Win32
		{CA097143-F98C-3778-A1FE-DFCF48B29259}.MinSizeRel|Win32.ActiveCfg = MinSizeRel|Win32
		{CA097143-F98C-3778-A1FE-DFCF48B29259}.MinSizeRel|Win32.Build.0 = MinSizeRel|Win32
		{CA097143-F98C-3778-A1FE-DFCF48B29259}.RelWithDebInfo|Win32.ActiveCfg = RelWithDebInfo|Win32
		{CA097143-F98C-3778-A1FE-DFCF48B29259}.RelWithDebInfo|Win32.Build.0 = RelWithDebInfo|Win32
		{943B64B1-5F7B-3047-8CDA-EEC40516386A}.Debug|Win32.ActiveCfg = Debug|Win32
		{943B64B1-5F7B-3047-8CDA-EEC40516386A}.Debug|Win32.Build.0 = Debug|Win32
		{943B64B1-5F7B-3047-8CDA-EEC40516386A}.Release|Win32.ActiveCfg = Release|Win32
		{943B64B1-5F7B-3047-8CDA-EEC40516386A}.Release|Win32.Build.0 = Release|Win32
		{943B64B1-5F7B-3047-8CDA-EEC40516386A}.MinSizeRel|Win32.ActiveCfg = MinSizeRel|Win32
		{943B64B1-5F7B-3047-8CDA-EEC40516386A}.MinSizeRel|Win32.Build.0 = MinSizeRel|Win32
		{943B64B1-5F7B-3047-8CDA-EEC40516386A}.RelWithDebInfo|Win32.ActiveCfg = RelWithDebInfo|Win32
		{943B64B1-5F7B-3047-8CDA-EEC40516386A}.RelWithDebInfo|Win32.Build.0 = RelWithDebInfo|Win32
		{BEA1DC55-1EB0-3695-AF54-A31ECFA936AD}.Debug|Win32.ActiveCfg = Debug|Win32
		{BEA1DC55-1EB0-3695-AF54-A31ECFA936AD}.Debug|Win32.Build.0 = Debug|Win32
		{BEA1DC55-1EB0-3695-AF54-A31ECFA936AD}.Release|Win32.ActiveCfg = Release|Win32
		{BEA1DC55-1EB0-3695-AF54-A31ECFA936AD}.Release|Win32.Build.0 = Release|Win32
		{BEA1DC55-1EB0-3695-AF54-A31ECFA936AD}.MinSizeRel|Win32.ActiveCfg = MinSizeRel|Win32
		{BEA1DC55-1EB0-3695-AF54-A31ECFA936AD}.MinSizeRel|Win32.Build.0 = MinSizeRel|Win32
		{BEA1DC55-1EB0-3695-AF54-A31ECFA936AD}.RelWithDebInfo|Win32.ActiveCfg = RelWithDebInfo|Win32
		{BEA1DC55-1EB0-3695-AF54-A31ECFA936AD}.RelWithDebInfo|Win32.Build.0 = RelWithDebInfo|Win32
		{850FF78B-E485-33B3-A749-FE21C4F25821}.Debug|Win32.ActiveCfg = Debug|Win32
		{850FF78B-E485-33B3-A749-FE21C4F25821}.Debug|Win32.Build.0 = Debug|Win32
		{850FF78B-E485-33B3-A749-FE21C4F25821}.Release|Win32.ActiveCfg = Release|Win32
		{850FF78B-E485-33B3-A749-FE21C4F25821}.Release|Win32.Build.0 = Release|Win32
		{850FF78B-E485-33B3-A749-FE21C4F25821}.MinSizeRel|Win32.ActiveCfg = MinSizeRel|Win32
		{850FF78B-E485-33B3-A749-FE21C4F25821}.MinSizeRel|Win32.Build.0 = MinSizeRel|Win32
		{850FF78B-E485-33B3-A749-FE21C4F25821}.RelWithDebInfo|Win32.ActiveCfg = RelWithDebInfo|Win32
		{850FF78B-E485-33B3-A749-FE21C4F25821}.RelWithDebInfo|Win32.Build.0 = RelWithDebInfo|Win32
		{83E83D5B-BF61-394E-8C7A-54563519B63F}.Debug|Win32.ActiveCfg = Debug|Win32
		{83E83D5B-BF61-394E-8C7A-54563519B63F}.Debug|Win32.Build.0 = Debug|Win32
		{83E83D5B-BF61-394E-8C7A-54563519B63F}.Release|Win32.ActiveCfg = Release|Win32
		{83E83D5B-BF61-394E-8C7A-54563519B63F}.Release|Win32.Build.0 = Release|Win32
		{83E83D5B-BF61-394E-8C7A-54563519B63F}.MinSizeRel|Win32.ActiveCfg = MinSizeRel|Win32
		{83E83D5B-BF61-394E-8C7A-54563519B63F}.MinSizeRel|Win32.Build.0 = MinSizeRel|Win32
		{83E83D5B-BF61-394E-8C7A-54563519B63F}.RelWithDebInfo|Win32.ActiveCfg = RelWithDebInfo|Win32
		{83E83D5B-BF61-394E-8C7A-54563519B63F}.RelWithDebInfo|Win32.Build.0 = RelWithDebInfo|Win32
		{3663F89F-E470-37F1-A7F4-D418E56DCDB3}.Debug|Win32.ActiveCfg = Debug|Win32
		{3663F89F-E470-37F1-A7F4-D418E56DCDB3}.Debug|Win32.Build.0 = Debug|Win32
		{3663F89F-E470-37F1-A7F4-D418E56DCDB3}.Release|Win32.ActiveCfg = Release|Win32
		{3663F89F-E470-37F1-A7F4-D418E56DCDB3}.Release|Win32.Build.0 = Release|Win32
		{3663F89F-E470-37F1-A7F4-D418E56DCDB3}.MinSizeRel|Win32.ActiveCfg = MinSizeRel|Win32
		{3663F89F-E470-37F1-A7F4-D418E56DCDB3}.MinSizeRel|Win32.Build.0 = MinSizeRel|Win32
		{3663F89F-E470-37F1-A7F4-D418E56DCDB3}.RelWithDebInfo|Win32.ActiveCfg = RelWithDebInfo|Win32
		{3663F89F-E470-37F1-A7F4-D418E56DCDB3}.RelWithDebInfo|Win32.Build.0 = RelWithDebInfo|Win32
		{87BC2CD3-8ACA-3306-86C2-626CA9CDD5B3}.Debug|Win32.ActiveCfg = Debug|Win32
		{87BC2CD3-8ACA-3306-86C2-626CA9CDD5B3}.Debug|Win32.Build.0 = Debug|Win32
		{87BC2CD3-8ACA-3306-86C2-626CA9CDD5B3}.Release|Win32.ActiveCfg = Release|Win32
		{87BC2CD3-8ACA-3306-86C2-626CA9CDD5B3}.Release|Win32.Build.0 = Release|Win32
		{87BC2CD3-8ACA-3306-86C2-626CA9CDD5B3}.MinSizeRel|Win32.ActiveCfg = MinSizeRel|Win32
		{87BC2CD3-8ACA-3306-86C2-626CA9CDD5B3}.MinSizeRel|Win32.Build.0 = MinSizeRel|Win32
		{87BC2CD3-8ACA-3306-86C2-626CA9CDD5B3}.RelWithDebInfo|Win32.ActiveCfg = RelWithDebInfo|Win32
		{87BC2CD3-8ACA-3306-86C2-626CA9CDD5B3}.RelWithDebInfo|Win32.Build.0 = RelWithDebInfo|Win32
		{B33C2A45-BE51-386C-9F77-04636AED0065}.Debug|Win32.ActiveCfg = Debug|Win32
		{B33C2A45-BE51-386C-9F77-04636AED0065}.Debug|Win32.Build.0 = Debug|Win32
		{B33C2A45-BE51-386C-9F77-04636AED0065}.Release|Win32.ActiveCfg = Release|Win32
		{B33C2A45-BE51-386C-9F77-04636AED0065}.Release|Win32.Build.0 = Release|Win32
		{B33C2A45-BE51-386C-9F77-04636AED0065}.MinSizeRel|Win32.ActiveCfg = MinSizeRel|Win32
		{B33C2A45-BE51-386C-9F77-04636AED0065}.MinSizeRel|Win32.Build.0 = MinSizeRel|Win32
		{B33C2A45-BE51-386C-9F77-04636AED0065}.RelWithDebInfo|Win32.ActiveCfg = RelWithDebInfo|Win32
		{B33C2A45-BE51-386C-9F77-04636AED0065}.RelWithDebInfo|Win32.Build.0 = RelWithDebInfo|Win32
		{BF6F4725-3866-30C8-8223-48CD088151D5}.Debug|Win32.ActiveCfg = Debug|Win32
		{BF6F4725-3866-30C8-8223-48CD088151D5}.Debug|Win32.Build.0 = Debug|Win32
		{BF6F4725-3866-30C8-8223-48CD088151D5}.Release|Win32.ActiveCfg = Release|Win32
		{BF6F4725-3866-30C8-8223-48CD088151D5}.Release|Win32.Build.0 = Release|Win32
		{BF6F4725-3866-30C8-8223-48CD088151D5}.MinSizeRel|Win32.ActiveCfg = MinSizeRel|Win32
		{BF6F4725-3866-30C8-8223-48CD088151D5}.MinSizeRel|Win32.Build.0 = MinSizeRel|Win32
		{BF6F4725-3866-30C8-8223-48CD088151D5}.RelWithDebInfo|Win32.ActiveCfg = RelWithDebInfo|Win32
		{BF6F4725-3866-30C8-8223-48CD088151D5}.RelWithDebInfo|Win32.Build.0 = RelWithDebInfo|Win32
		{5846DCAC-6170-3B02-AEA0-F000458A123A}.Debug|Win32.ActiveCfg = Debug|Win32
		{5846DCAC-6170-3B02-AEA0-F000458A123A}.Debug|Win32.Build.0 = Debug|Win32
		{5846DCAC-6170-3B02-AEA0-F000458A123A}.Release|Win32.ActiveCfg = Release|Win32
		{5846DCAC-6170-3B02-AEA0-F000458A123A}.Release|Win32.Build.0 = Release|Win32
		{5846DCAC-6170-3B02-AEA0-F000458A123A}.MinSizeRel|Win32.ActiveCfg = MinSizeRel|Win32
		{5846DCAC-6170-3B02-AEA0-F000458A123A}.MinSizeRel|Win32.Build.0 = MinSizeRel|Win32
		{5846DCAC-6170-3B02-AEA0-F000458A123A}.RelWithDebInfo|Win32.ActiveCfg = RelWithDebInfo|Win32
		{5846DCAC-6170-3B02-AEA0-F000458A123A}.RelWithDebInfo|Win32.Build.0 = RelWithDebInfo|Win32
		{BCA18687-6A6C-38EF-B101-A824F986C2B3}.Debug|Win32.ActiveCfg = Debug|Win32
		{BCA18687-6A6C-38EF-B101-A824F986C2B3}.Debug|Win32.Build.0 = Debug|Win32
		{BCA18687-6A6C-38EF-B101-A824F986C2B3}.Release|Win32.ActiveCfg = Release|Win32
		{BCA18687-6A6C-38EF-B101-A824F986C2B3}.Release|Win32.Build.0 = Release|Win32
		{BCA18687-6A6C-38EF-B101-A824F986C2B3}.MinSizeRel|Win32.ActiveCfg = MinSizeRel|Win32
		{BCA18687-6A6C-38EF-B101-A824F986C2B3}.MinSizeRel|Win32.Build.0 = MinSizeRel|Win32
		{BCA18687-6A6C-38EF-B101-A824F986C2B3}.RelWithDebInfo|Win32.ActiveCfg = RelWithDebInfo|Win32
		{BCA18687-6A6C-38EF-B101-A824F986C2B3}.RelWithDebInfo|Win32.Build.0 = RelWithDebInfo|Win32
		{892C686B-8A23-39BC-AB79-E32E0B4FAEC0}.Debug|Win32.ActiveCfg = Debug|Win32
		{892C686B-8A23-39BC-AB79-E32E0B4FAEC0}.Debug|Win32.Build.0 = Debug|Win32
		{892C686B-8A23-39BC-AB79-E32E0B4FAEC0}.Release|Win32.ActiveCfg = Release|Win32
		{892C686B-8A23-39BC-AB79-E32E0B4FAEC0}.Release|Win32.Build.0 = Release|Win32
		{892C686B-8A23-39BC-AB79-E32E0B4FAEC0}.MinSizeRel|Win32.ActiveCfg = MinSizeRel|Win32
		{892C686B-8A23-39BC-AB79-E32E0B4FAEC0}.MinSizeRel|Win32.Build.0 = MinSizeRel|Win32
		{892C686B-8A23-39BC-AB79-E32E0B4FAEC0}.RelWithDebInfo|Win32.ActiveCfg = RelWithDebInfo|Win32
		{892C686B-8A23-39BC-AB79-E32E0B4FAEC0}.RelWithDebInfo|Win32.Build.0 = RelWithDebInfo|Win32
		{5FD2B6CF-98B9-34B1-A2C1-5E10930C1B6A}.Debug|Win32.ActiveCfg = Debug|Win32
		{5FD2B6CF-98B9-34B1-A2C1-5E10930C1B6A}.Debug|Win32.Build.0 = Debug|Win32
		{5FD2B6CF-98B9-34B1-A2C1-5E10930C1B6A}.Release|Win32.ActiveCfg = Release|Win32
		{5FD2B6CF-98B9-34B1-A2C1-5E10930C1B6A}.Release|Win32.Build.0 = Release|Win32
		{5FD2B6CF-98B9-34B1-A2C1-5E10930C1B6A}.MinSizeRel|Win32.ActiveCfg = MinSizeRel|Win32
		{5FD2B6CF-98B9-34B1-A2C1-5E10930C1B6A}.MinSizeRel|Win32.Build.0 = MinSizeRel|Win32
		{5FD2B6CF-98B9-34B1-A2C1-5E10930C1B6A}.RelWithDebInfo|Win32.ActiveCfg = RelWithDebInfo|Win32
		{5FD2B6CF-98B9-34B1-A2C1-5E10930C1B6A}.RelWithDebInfo|Win32.Build.0 = RelWithDebInfo|Win32
		{B7BB1772-91DF-35EF-8880-319F6E5E0662}.Debug|Win32.ActiveCfg = Debug|Win32
		{B7BB1772-91DF-35EF-8880-319F6E5E0662}.Debug|Win32.Build.0 = Debug|Win32
		{B7BB1772-91DF-35EF-8880-319F6E5E0662}.Release|Win32.ActiveCfg = Release|Win32
		{B7BB1772-91DF-35EF-8880-319F6E5E0662}.Release|Win32.Build.0 = Release|Win32
		{B7BB1772-91DF-35EF-8880-319F6E5E0662}.MinSizeRel|Win32.ActiveCfg = MinSizeRel|Win32
		{B7BB1772-91DF-35EF-8880-319F6E5E0662}.MinSizeRel|Win32.Build.0 = MinSizeRel|Win32
		{B7BB1772-91DF-35EF-8880-319F6E5E0662}.RelWithDebInfo|Win32.ActiveCfg = RelWithDebInfo|Win32
		{B7BB1772-91DF-35EF-8880-319F6E5E0662}.RelWithDebInfo|Win32.Build.0 = RelWithDebInfo|Win32
		{0670DCE0-B782-354A-9270-565F45605C5A}.Debug|Win32.ActiveCfg = Debug|Win32
		{0670DCE0-B782-354A-9270-565F45605C5A}.Debug|Win32.Build.0 = Debug|Win32
		{0670DCE0-B782-354A-9270-565F45605C5A}.Release|Win32.ActiveCfg = Release|Win32
		{0670DCE0-B782-354A-9270-565F45605C5A}.Release|Win32.Build.0 = Release|Win32
		{0670DCE0-B782-354A-9270-565F45605C5A}.MinSizeRel|Win32.ActiveCfg = MinSizeRel|Win32
		{0670DCE0-B782-354A-9270-565F45605C5A}.MinSizeRel|Win32.Build.0 = MinSizeRel|Win32
		{0670DCE0-B782-354A-9270-565F45605C5A}.RelWithDebInfo|Win32.ActiveCfg = RelWithDebInfo|Win32
		{0670DCE0-B782-354A-9270-565F45605C5A}.RelWithDebInfo|Win32.Build.0 = RelWithDebInfo|Win32
		{01E96227-B558-36A4-A398-598EFB9F2936}.Debug|Win32.ActiveCfg = Debug|Win32
		{01E96227-B558-36A4-A398-598EFB9F2936}.Debug|Win32.Build.0 = Debug|Win32
		{01E96227-B558-36A4-A398-598EFB9F2936}.Release|Win32.ActiveCfg = Release|Win32
		{01E96227-B558-36A4-A398-598EFB9F2936}.Release|Win32.Build.0 = Release|Win32
		{01E96227-B558-36A4-A398-598EFB9F2936}.MinSizeRel|Win32.ActiveCfg = MinSizeRel|Win32
		{01E96227-B558-36A4-A398-598EFB9F2936}.MinSizeRel|Win32.Build.0 = MinSizeRel|Win32
		{01E96227-B558-36A4-A398-598EFB9F2936}.RelWithDebInfo|Win32.ActiveCfg = RelWithDebInfo|Win32
		{01E96227-B558-36A4-A398-598EFB9F2936}.RelWithDebInfo|Win32.Build.0 = RelWithDebInfo|Win32
		{51F0D95C-EA32-3F98-8159-2836128337A5}.Debug|Win32.ActiveCfg = Debug|Win32
		{51F0D95C-EA32-3F98-8159-2836128337A5}.Debug|Win32.Build.0 = Debug|Win32
		{51F0D95C-EA32-3F98-8159-2836128337A5}.Release|Win32.ActiveCfg = Release|Win32
		{51F0D95C-EA32-3F98-8159-2836128337A5}.Release|Win32.Build.0 = Release|Win32
		{51F0D95C-EA32-3F98-8159-2836128337A5}.MinSizeRel|Win32.ActiveCfg = MinSizeRel|Win32
		{51F0D95C-EA32-3F98-8159-2836128337A5}.MinSizeRel|Win32.Build.0 = MinSizeRel|Win32
		{51F0D95C-EA32-3F98-8159-2836128337A5}.RelWithDebInfo|Win32.ActiveCfg = RelWithDebInfo|Win32
		{51F0D95C-EA32-3F98-8159-2836128337A5}.RelWithDebInfo|Win32.Build.0 = RelWithDebInfo|Win32
	EndGlobalSection
	GlobalSection(ExtensibilityGlobals) = postSolution
		SolutionGuid = {5E7990A8-F8A7-3D9D-8D9E-3B856551F9FE}
	EndGlobalSection
	GlobalSection(ExtensibilityAddIns) = postSolution
	EndGlobalSection
EndGlobal
