
Microsoft Visual Studio Solution File, Format Version 12.00
# Visual Studio Version 16
Project("{8BC9CEB8-8B4A-11D0-8D11-00A0C91BC942}") = "ALL_BUILD", "ALL_BUILD.vcxproj", "{66D51AFE-3ED4-3BB0-8D29-480E24D3DEAE}"
	ProjectSection(ProjectDependencies) = postProject
		{85D06070-DA7B-34B9-A6F8-4C9FBC24E74C} = {85D06070-DA7B-34B9-A6F8-4C9FBC24E74C}
		{CEEE91A3-8559-3714-A6C7-E39EFE3DAD7C} = {CEEE91A3-8559-3714-A6C7-E39EFE3DAD7C}
		{4992898B-A957-3274-9882-F89315472242} = {4992898B-A957-3274-9882-F89315472242}
		{5D3A65B4-DB5F-32F7-B341-EEC8C7251213} = {5D3A65B4-DB5F-32F7-B341-EEC8C7251213}
		{DE6F5DE7-B645-3501-BCFA-8B703230DBBB} = {DE6F5DE7-B645-3501-BCFA-8B703230DBBB}
		{CA097143-F98C-3778-A1FE-DFCF48B29259} = {CA097143-F98C-3778-A1FE-DFCF48B29259}
		{943B64B1-5F7B-3047-8CDA-EEC40516386A} = {943B64B1-5F7B-3047-8CDA-EEC40516386A}
		{BEA1DC55-1EB0-3695-AF54-A31ECFA936AD} = {BEA1DC55-1EB0-3695-AF54-A31ECFA936AD}
		{850FF78B-E485-33B3-A749-FE21C4F25821} = {850FF78B-E485-33B3-A749-FE21C4F25821}
		{83E83D5B-BF61-394E-8C7A-54563519B63F} = {83E83D5B-BF61-394E-8C7A-54563519B63F}
		{3663F89F-E470-37F1-A7F4-D418E56DCDB3} = {3663F89F-E470-37F1-A7F4-D418E56DCDB3}
		{87BC2CD3-8ACA-3306-86C2-626CA9CDD5B3} = {87BC2CD3-8ACA-3306-86C2-626CA9CDD5B3}
		{B33C2A45-BE51-386C-9F77-04636AED0065} = {B33C2A45-BE51-386C-9F77-04636AED0065}
		{BF6F4725-3866-30C8-8223-48CD088151D5} = {BF6F4725-3866-30C8-8223-48CD088151D5}
		{5846DCAC-6170-3B02-AEA0-F000458A123A} = {5846DCAC-6170-3B02-AEA0-F000458A123A}
		{BCA18687-6A6C-38EF-B101-A824F986C2B3} = {BCA18687-6A6C-38EF-B101-A824F986C2B3}
		{892C686B-8A23-39BC-AB79-E32E0B4FAEC0} = {892C686B-8A23-39BC-AB79-E32E0B4FAEC0}
		{5FD2B6CF-98B9-34B1-A2C1-5E10930C1B6A} = {5FD2B6CF-98B9-34B1-A2C1-5E10930C1B6A}
		{B7BB1772-91DF-35EF-8880-319F6E5E0662} = {B7BB1772-91DF-35EF-8880-319F6E5E0662}
		{0670DCE0-B782-354A-9270-565F45605C5A} = {0670DCE0-B782-354A-9270-565F45605C5A}
		{01E96227-B558-36A4-A398-598EFB9F2936} = {01E96227-B558-36A4-A398-598EFB9F2936}
		{45721B3A-E9DD-351F-8DC6-577696A77A98} = {45721B3A-E9DD-351F-8DC6-577696A77A98}
		{1C97AA7A-140E-3BEA-942D-5D8D4FC6A3FE} = {1C97AA7A-140E-3BEA-942D-5D8D4FC6A3FE}
		{571B92B2-49C8-3811-899B-46053C6E8C58} = {571B92B2-49C8-3811-899B-46053C6E8C58}
		{207703B2-6B0C-3CCE-A04F-A9637EE1BB0D} = {207703B2-6B0C-3CCE-A04F-A9637EE1BB0D}
		{E1A5DC45-C001-387A-AC08-0396E8474156} = {E1A5DC45-C001-387A-AC08-0396E8474156}
		{76068468-0C26-3D06-80B8-FA79AA556373} = {76068468-0C26-3D06-80B8-FA79AA556373}
		{FDE72040-14D1-3128-B22B-8F2F32DDD142} = {FDE72040-14D1-3128-B22B-8F2F32DDD142}
		{C3934DA2-7DE6-3E8D-972A-B206E85066C1} = {C3934DA2-7DE6-3E8D-972A-B206E85066C1}
		{F4D10447-7CA7-30D2-BBC8-DF3470469A10} = {F4D10447-7CA7-30D2-BBC8-DF3470469A10}
		{7D5F431A-E75E-3901-A609-FA580D34DD3D} = {7D5F431A-E75E-3901-A609-FA580D34DD3D}
		{1EAF2FBD-635B-3ABD-B92A-68FF8CA69D15} = {1EAF2FBD-635B-3ABD-B92A-68FF8CA69D15}
		{A0338DF1-79F1-3797-85B2-C30D4B9D9CE7} = {A0338DF1-79F1-3797-85B2-C30D4B9D9CE7}
		{51F0D95C-EA32-3F98-8159-2836128337A5} = {51F0D95C-EA32-3F98-8159-2836128337A5}
	EndProjectSection
EndProject
Project("{8BC9CEB8-8B4A-11D0-8D11-00A0C91BC942}") = "INSTALL", "INSTALL.vcxproj", "{B83D70DF-518C-3602-BB28-94181D35361D}"
	ProjectSection(ProjectDependencies) = postProject
		{66D51AFE-3ED4-3BB0-8D29-480E24D3DEAE} = {66D51AFE-3ED4-3BB0-8D29-480E24D3DEAE}
		{51F0D95C-EA32-3F98-8159-2836128337A5} = {51F0D95C-EA32-3F98-8159-2836128337A5}
	EndProjectSection
EndProject
Project("{8BC9CEB8-8B4A-11D0-8D11-00A0C91BC942}") = "MyEngine", "Exercise6\Engine\MyEngine.vcxproj", "{85D06070-DA7B-34B9-A6F8-4C9FBC24E74C}"
	ProjectSection(ProjectDependencies) = postProject
		{4992898B-A957-3274-9882-F89315472242} = {4992898B-A957-3274-9882-F89315472242}
		{51F0D95C-EA32-3F98-8159-2836128337A5} = {51F0D95C-EA32-3F98-8159-2836128337A5}
	EndProjectSection
EndProject
Project("{8BC9CEB8-8B4A-11D0-8D11-00A0C91BC942}") = "MyGame", "Exercise6\ExampleGame\MyGame.vcxproj", "{CEEE91A3-8559-3714-A6C7-E39EFE3DAD7C}"
	ProjectSection(ProjectDependencies) = postProject
		{85D06070-DA7B-34B9-A6F8-4C9FBC24E74C} = {85D06070-DA7B-34B9-A6F8-4C9FBC24E74C}
		{4992898B-A957-3274-9882-F89315472242} = {4992898B-A957-3274-9882-F89315472242}
		{51F0D95C-EA32-3F98-8159-2836128337A5} = {51F0D95C-EA32-3F98-8159-2836128337A5}
	EndProjectSection
EndProject
Project("{8BC9CEB8-8B4A-11D0-8D11-00A0C91BC942}") = "SRE", "submodules\SimpleRenderEngine\src\SRE.vcxproj", "{4992898B-A957-3274-9882-F89315472242}"
	ProjectSection(ProjectDependencies) = postProject
		{51F0D95C-EA32-3F98-8159-2836128337A5} = {51F0D95C-EA32-3F98-8159-2836128337A5}
	EndProjectSection
EndProject
Project("{8BC9CEB8-8B4A-11D0-8D11-00A0C91BC942}") = "SRE-Example-00_hello-engine", "submodules\SimpleRenderEngine\examples\SRE-Example-00_hello-engine.vcxproj", "{5D3A65B4-DB5F-32F7-B341-EEC8C7251213}"
	ProjectSection(ProjectDependencies) = postProject
		{4992898B-A957-3274-9882-F89315472242} = {4992898B-A957-3274-9882-F89315472242}
		{51F0D95C-EA32-3F98-8159-2836128337A5} = {51F0D95C-EA32-3F98-8159-2836128337A5}
	EndProjectSection
EndProject
Project("{8BC9CEB8-8B4A-11D0-8D11-00A0C91BC942}") = "SRE-Example-01_hello-engine-raw", "submodules\SimpleRenderEngine\examples\SRE-Example-01_hello-engine-raw.vcxproj", "{DE6F5DE7-B645-3501-BCFA-8B703230DBBB}"
	ProjectSection(ProjectDependencies) = postProject
		{4992898B-A957-3274-9882-F89315472242} = {4992898B-A957-3274-9882-F89315472242}
		{51F0D95C-EA32-3F98-8159-2836128337A5} = {51F0D95C-EA32-3F98-8159-2836128337A5}
	EndProjectSection
EndProject
Project("{8BC9CEB8-8B4A-11D0-8D11-00A0C91BC942}") = "SRE-Example-02_spheres", "submodules\SimpleRenderEngine\examples\SRE-Example-02_spheres.vcxproj", "{CA097143-F98C-3778-A1FE-DFCF48B29259}"
	ProjectSection(ProjectDependencies) = postProject
		{4992898B-A957-3274-9882-F89315472242} = {4992898B-A957-3274-9882-F89315472242}
		{51F0D95C-EA32-3F98-8159-2836128337A5} = {51F0D95C-EA32-3F98-8159-2836128337A5}
	EndProjectSection
EndProject
Project("{8BC9CEB8-8B4A-11D0-8D11-00A0C91BC942}") = "SRE-Example-03_spinning-cube", "submodules\SimpleRenderEngine\examples\SRE-Example-03_spinning-cube.vcxproj", "{943B64B1-5F7B-3047-8CDA-EEC40516386A}"
	ProjectSection(ProjectDependencies) = postProject
		{4992898B-A957-3274-9882-F89315472242} = {4992898B-A957-3274-9882-F89315472242}
		{51F0D95C-EA32-3F98-8159-2836128337A5} = {51F0D95C-EA32-3F98-8159-2836128337A5}
	EndProjectSection
EndProject
Project("{8BC9CEB8-8B4A-11D0-8D11-00A0C91BC942}") = "SRE-Example-04_spinning-primitives-tex", "submodules\SimpleRenderEngine\examples\SRE-Example-04_spinning-primitives-tex.vcxproj", "{BEA1DC55-1EB0-3695-AF54-A31ECFA936AD}"
	ProjectSection(ProjectDependencies) = postProject
		{4992898B-A957-3274-9882-F89315472242} = {4992898B-A957-3274-9882-F89315472242}
		{51F0D95C-EA32-3F98-8159-2836128337A5} = {51F0D95C-EA32-3F98-8159-2836128337A5}
	EndProjectSection
EndProject
Project("{8BC9CEB8-8B4A-11D0-8D11-00A0C91BC942}") = "SRE-Example-05_obj-viewer", "submodules\SimpleRenderEngine\examples\SRE-Example-05_obj-viewer.vcxproj", "{850FF78B-E485-33B3-A749-FE21C4F25821}"
	ProjectSection(ProjectDependencies) = postProject
		{4992898B-A957-3274-9882-F89315472242} = {4992898B-A957-3274-9882-F89315472242}
		{51F0D95C-EA32-3F98-8159-2836128337A5} = {51F0D95C-EA32-3F98-8159-2836128337A5}
	EndProjectSection
EndProject
Project("{8BC9CEB8-8B4A-11D0-8D11-00A0C91BC942}") = "SRE-Example-06_custom-mesh-layout", "submodules\SimpleRenderEngine\examples\SRE-Example-06_custom-mesh-layout.vcxproj", "{83E83D5B-BF61-394E-8C7A-54563519B63F}"
	ProjectSection(ProjectDependencies) = postProject
		{4992898B-A957-3274-9882-F89315472242} = {4992898B-A957-3274-9882-F89315472242}
		{51F0D95C-EA32-3F98-8159-2836128337A5} = {51F0D95C-EA32-3F98-8159-2836128337A5}
	EndProjectSection
EndProject
Project("{8BC9CEB8-8B4A-11D0-8D11-00A0C91BC942}") = "SRE-Example-07_matcap", "submodules\SimpleRenderEngine\examples\SRE-Example-07_matcap.vcxproj", "{3663F89F-E470-37F1-A7F4-D418E56DCDB3}"
	ProjectSection(ProjectDependencies) = postProject
		{4992898B-A957-3274-9882-F89315472242} = {4992898B-A957-3274-9882-F89315472242}
		{51F0D95C-EA32-3F98-8159-2836128337A5} = {51F0D95C-EA32-3F98-8159-2836128337A5}
	EndProjectSection
EndProject
Project("{8BC9CEB8-8B4A-11D0-8D11-00A0C91BC942}") = "SRE-Example-08_gui", "submodules\SimpleRenderEngine\examples\SRE-Example-08_gui.vcxproj", "{87BC2CD3-8ACA-3306-86C2-626CA9CDD5B3}"
	ProjectSection(ProjectDependencies) = postProject
		{4992898B-A957-3274-9882-F89315472242} = {4992898B-A957-3274-9882-F89315472242}
		{51F0D95C-EA32-3F98-8159-2836128337A5} = {51F0D95C-EA32-3F98-8159-2836128337A5}
	EndProjectSection
EndProject
Project("{8BC9CEB8-8B4A-11D0-8D11-00A0C91BC942}") = "SRE-Example-09_picking", "submodules\SimpleRenderEngine\examples\SRE-Example-09_picking.vcxproj", "{B33C2A45-BE51-386C-9F77-04636AED0065}"
	ProjectSection(ProjectDependencies) = postProject
		{4992898B-A957-3274-9882-F89315472242} = {4992898B-A957-3274-9882-F89315472242}
		{51F0D95C-EA32-3F98-8159-2836128337A5} = {51F0D95C-EA32-3F98-8159-2836128337A5}
	EndProjectSection
EndProject
Project("{8BC9CEB8-8B4A-11D0-8D11-00A0C91BC942}") = "SRE-Example-10_skybox-example", "submodules\SimpleRenderEngine\examples\SRE-Example-10_skybox-example.vcxproj", "{BF6F4725-3866-30C8-8223-48CD088151D5}"
	ProjectSection(ProjectDependencies) = postProject
		{4992898B-A957-3274-9882-F89315472242} = {4992898B-A957-3274-9882-F89315472242}
		{51F0D95C-EA32-3F98-8159-2836128337A5} = {51F0D95C-EA32-3F98-8159-2836128337A5}
	EndProjectSection
EndProject
Project("{8BC9CEB8-8B4A-11D0-8D11-00A0C91BC942}") = "SRE-Example-11_sprite-example", "submodules\SimpleRenderEngine\examples\SRE-Example-11_sprite-example.vcxproj", "{5846DCAC-6170-3B02-AEA0-F000458A123A}"
	ProjectSection(ProjectDependencies) = postProject
		{4992898B-A957-3274-9882-F89315472242} = {4992898B-A957-3274-9882-F89315472242}
		{51F0D95C-EA32-3F98-8159-2836128337A5} = {51F0D95C-EA32-3F98-8159-2836128337A5}
	EndProjectSection
EndProject
Project("{8BC9CEB8-8B4A-11D0-8D11-00A0C91BC942}") = "SRE-Example-12_render-to-texture", "submodules\SimpleRenderEngine\examples\SRE-Example-12_render-to-texture.vcxproj", "{BCA18687-6A6C-38EF-B101-A824F986C2B3}"
	ProjectSection(ProjectDependencies) = postProject
		{4992898B-A957-3274-9882-F89315472242} = {4992898B-A957-3274-9882-F89315472242}
		{51F0D95C-EA32-3F98-8159-2836128337A5} = {51F0D95C-EA32-3F98-8159-2836128337A5}
	EndProjectSection
EndProject
Project("{8BC9CEB8-8B4A-11D0-8D11-00A0C91BC942}") = "SRE-Example-13_benchmark64k", "submodules\SimpleRenderEngine\examples\SRE-Example-13_benchmark64k.vcxproj", "{892C686B-8A23-39BC-AB79-E32E0B4FAEC0}"
	ProjectSection(ProjectDependencies) = postProject
		{4992898B-A957-3274-9882-F89315472242} = {4992898B-A957-3274-9882-F89315472242}
		{51F0D95C-EA32-3F98-8159-2836128337A5} = {51F0D95C-EA32-3F98-8159-2836128337A5}
	EndProjectSection
EndProject
Project("{8BC9CEB8-8B4A-11D0-8D11-00A0C91BC942}") = "SRE-Example-14_spinning-primitives-openvr", "submodules\SimpleRenderEngine\examples\SRE-Example-14_spinning-primitives-openvr.vcxproj", "{5FD2B6CF-98B9-34B1-A2C1-5E10930C1B6A}"
	ProjectSection(ProjectDependencies) = postProject
		{4992898B-A957-3274-9882-F89315472242} = {4992898B-A957-3274-9882-F89315472242}
		{51F0D95C-EA32-3F98-8159-2836128337A5} = {51F0D95C-EA32-3F98-8159-2836128337A5}
	EndProjectSection
EndProject
Project("{8BC9CEB8-8B4A-11D0-8D11-00A0C91BC942}") = "SRE-Example-15_cloth_simulation", "submodules\SimpleRenderEngine\examples\SRE-Example-15_cloth_simulation.vcxproj", "{B7BB1772-91DF-35EF-8880-319F6E5E0662}"
	ProjectSection(ProjectDependencies) = postProject
		{4992898B-A957-3274-9882-F89315472242} = {4992898B-A957-3274-9882-F89315472242}
		{51F0D95C-EA32-3F98-8159-2836128337A5} = {51F0D95C-EA32-3F98-8159-2836128337A5}
	EndProjectSection
EndProject
Project("{8BC9CEB8-8B4A-11D0-8D11-00A0C91BC942}") = "SRE-Example-16_shadows", "submodules\SimpleRenderEngine\examples\SRE-Example-16_shadows.vcxproj", "{0670DCE0-B782-354A-9270-565F45605C5A}"
	ProjectSection(ProjectDependencies) = postProject
		{4992898B-A957-3274-9882-F89315472242} = {4992898B-A957-3274-9882-F89315472242}
		{51F0D95C-EA32-3F98-8159-2836128337A5} = {51F0D95C-EA32-3F98-8159-2836128337A5}
	EndProjectSection
EndProject
Project("{8BC9CEB8-8B4A-11D0-8D11-00A0C91BC942}") = "SRE-Example-17_deferred-shading", "submodules\SimpleRenderEngine\examples\SRE-Example-17_deferred-shading.vcxproj", "{01E96227-B558-36A4-A398-598EFB9F2936}"
	ProjectSection(ProjectDependencies) = postProject
		{4992898B-A957-3274-9882-F89315472242} = {4992898B-A957-3274-9882-F89315472242}
		{51F0D95C-EA32-3F98-8159-2836128337A5} = {51F0D95C-EA32-3F98-8159-2836128337A5}
	EndProjectSection
EndProject
Project("{8BC9CEB8-8B4A-11D0-8D11-00A0C91BC942}") = "SRE-Gui", "project\gui\SRE-Gui.vcxproj", "{45721B3A-E9DD-351F-8DC6-577696A77A98}"
	ProjectSection(ProjectDependencies) = postProject
		{4992898B-A957-3274-9882-F89315472242} = {4992898B-A957-3274-9882-F89315472242}
		{51F0D95C-EA32-3F98-8159-2836128337A5} = {51F0D95C-EA32-3F98-8159-2836128337A5}
	EndProjectSection
EndProject
Project("{8BC9CEB8-8B4A-11D0-8D11-00A0C91BC942}") = "SRE-ParticleSystem", "project\particle_system\SRE-ParticleSystem.vcxproj", "{1C97AA7A-140E-3BEA-942D-5D8D4FC6A3FE}"
	ProjectSection(ProjectDependencies) = postProject
		{4992898B-A957-3274-9882-F89315472242} = {4992898B-A957-3274-9882-F89315472242}
		{51F0D95C-EA32-3F98-8159-2836128337A5} = {51F0D95C-EA32-3F98-8159-2836128337A5}
	EndProjectSection
EndProject
Project("{8BC9CEB8-8B4A-11D0-8D11-00A0C91BC942}") = "SRE-Platformer", "project\platformer\SRE-Platformer.vcxproj", "{571B92B2-49C8-3811-899B-46053C6E8C58}"
	ProjectSection(ProjectDependencies) = postProject
		{4992898B-A957-3274-9882-F89315472242} = {4992898B-A957-3274-9882-F89315472242}
		{51F0D95C-EA32-3F98-8159-2836128337A5} = {51F0D95C-EA32-3F98-8159-2836128337A5}
	EndProjectSection
EndProject
Project("{8BC9CEB8-8B4A-11D0-8D11-00A0C91BC942}") = "SRE-box2d-Testbed", "project\Box2DTestbed\SRE-box2d-Testbed.vcxproj", "{207703B2-6B0C-3CCE-A04F-A9637EE1BB0D}"
	ProjectSection(ProjectDependencies) = postProject
		{4992898B-A957-3274-9882-F89315472242} = {4992898B-A957-3274-9882-F89315472242}
		{51F0D95C-EA32-3F98-8159-2836128337A5} = {51F0D95C-EA32-3F98-8159-2836128337A5}
	EndProjectSection
EndProject
Project("{8BC9CEB8-8B4A-11D0-8D11-00A0C91BC942}") = "SRE-box2d-example", "project\SRE-box2d-example.vcxproj", "{E1A5DC45-C001-387A-AC08-0396E8474156}"
	ProjectSection(ProjectDependencies) = postProject
		{4992898B-A957-3274-9882-F89315472242} = {4992898B-A957-3274-9882-F89315472242}
		{51F0D95C-EA32-3F98-8159-2836128337A5} = {51F0D95C-EA32-3F98-8159-2836128337A5}
	EndProjectSection
EndProject
Project("{8BC9CEB8-8B4A-11D0-8D11-00A0C91BC942}") = "SRE-box2d-platform-example", "project\SRE-box2d-platform-example.vcxproj", "{76068468-0C26-3D06-80B8-FA79AA556373}"
	ProjectSection(ProjectDependencies) = postProject
		{4992898B-A957-3274-9882-F89315472242} = {4992898B-A957-3274-9882-F89315472242}
		{51F0D95C-EA32-3F98-8159-2836128337A5} = {51F0D95C-EA32-3F98-8159-2836128337A5}
	EndProjectSection
EndProject
Project("{8BC9CEB8-8B4A-11D0-8D11-00A0C91BC942}") = "SRE-lua-example", "project\SRE-lua-example.vcxproj", "{FDE72040-14D1-3128-B22B-8F2F32DDD142}"
	ProjectSection(ProjectDependencies) = postProject
		{4992898B-A957-3274-9882-F89315472242} = {4992898B-A957-3274-9882-F89315472242}
		{51F0D95C-EA32-3F98-8159-2836128337A5} = {51F0D95C-EA32-3F98-8159-2836128337A5}
	EndProjectSection
EndProject
Project("{8BC9CEB8-8B4A-11D0-8D11-00A0C91BC942}") = "SRE-lua-example-lines", "project\SRE-lua-example-lines.vcxproj", "{C3934DA2-7DE6-3E8D-972A-B206E85066C1}"
	ProjectSection(ProjectDependencies) = postProject
		{4992898B-A957-3274-9882-F89315472242} = {4992898B-A957-3274-9882-F89315472242}
		{51F0D95C-EA32-3F98-8159-2836128337A5} = {51F0D95C-EA32-3F98-8159-2836128337A5}
	EndProjectSection
EndProject
Project("{8BC9CEB8-8B4A-11D0-8D11-00A0C91BC942}") = "SRE-node-editor", "project\SRE-node-editor.vcxproj", "{F4D10447-7CA7-30D2-BBC8-DF3470469A10}"
	ProjectSection(ProjectDependencies) = postProject
		{4992898B-A957-3274-9882-F89315472242} = {4992898B-A957-3274-9882-F89315472242}
		{51F0D95C-EA32-3F98-8159-2836128337A5} = {51F0D95C-EA32-3F98-8159-2836128337A5}
	EndProjectSection
EndProject
Project("{8BC9CEB8-8B4A-11D0-8D11-00A0C91BC942}") = "SRE-project", "project\SRE-project.vcxproj", "{7D5F431A-E75E-3901-A609-FA580D34DD3D}"
	ProjectSection(ProjectDependencies) = postProject
		{4992898B-A957-3274-9882-F89315472242} = {4992898B-A957-3274-9882-F89315472242}
		{51F0D95C-EA32-3F98-8159-2836128337A5} = {51F0D95C-EA32-3F98-8159-2836128337A5}
	EndProjectSection
EndProject
Project("{8BC9CEB8-8B4A-11D0-8D11-00A0C91BC942}") = "SRE-scene-graph", "project\SRE-scene-graph.vcxproj", "{1EAF2FBD-635B-3ABD-B92A-68FF8CA69D15}"
	ProjectSection(ProjectDependencies) = postProject
		{4992898B-A957-3274-9882-F89315472242} = {4992898B-A957-3274-9882-F89315472242}
		{51F0D95C-EA32-3F98-8159-2836128337A5} = {51F0D95C-EA32-3F98-8159-2836128337A5}
	EndProjectSection
EndProject
Project("{8BC9CEB8-8B4A-11D0-8D11-00A0C91BC942}") = "SRE-sdl2_mixer-example", "project\SRE-sdl2_mixer-example.vcxproj", "{A0338DF1-79F1-3797-85B2-C30D4B9D9CE7}"
	ProjectSection(ProjectDependencies) = postProject
		{4992898B-A957-3274-9882-F89315472242} = {4992898B-A957-3274-9882-F89315472242}
		{51F0D95C-EA32-3F98-8159-2836128337A5} = {51F0D95C-EA32-3F98-8159-2836128337A5}
	EndProjectSection
EndProject
Project("{8BC9CEB8-8B4A-11D0-8D11-00A0C91BC942}") = "ZERO_CHECK", "ZERO_CHECK.vcxproj", "{51F0D95C-EA32-3F98-8159-2836128337A5}"
	ProjectSection(ProjectDependencies) = postProject
	EndProjectSection
EndProject
Global
	GlobalSection(SolutionConfigurationPlatforms) = preSolution
		Debug|Win32 = Debug|Win32
		Release|Win32 = Release|Win32
		MinSizeRel|Win32 = MinSizeRel|Win32
		RelWithDebInfo|Win32 = RelWithDebInfo|Win32
	EndGlobalSection
	GlobalSection(ProjectConfigurationPlatforms) = postSolution
		{66D51AFE-3ED4-3BB0-8D29-480E24D3DEAE}.Debug|Win32.ActiveCfg = Debug|Win32
		{66D51AFE-3ED4-3BB0-8D29-480E24D3DEAE}.Debug|Win32.Build.0 = Debug|Win32
		{66D51AFE-3ED4-3BB0-8D29-480E24D3DEAE}.Release|Win32.ActiveCfg = Release|Win32
		{66D51AFE-3ED4-3BB0-8D29-480E24D3DEAE}.Release|Win32.Build.0 = Release|Win32
		{66D51AFE-3ED4-3BB0-8D29-480E24D3DEAE}.MinSizeRel|Win32.ActiveCfg = MinSizeRel|Win32
		{66D51AFE-3ED4-3BB0-8D29-480E24D3DEAE}.MinSizeRel|Win32.Build.0 = MinSizeRel|Win32
		{66D51AFE-3ED4-3BB0-8D29-480E24D3DEAE}.RelWithDebInfo|Win32.ActiveCfg = RelWithDebInfo|Win32
		{66D51AFE-3ED4-3BB0-8D29-480E24D3DEAE}.RelWithDebInfo|Win32.Build.0 = RelWithDebInfo|Win32
		{B83D70DF-518C-3602-BB28-94181D35361D}.Debug|Win32.ActiveCfg = Debug|Win32
		{B83D70DF-518C-3602-BB28-94181D35361D}.Release|Win32.ActiveCfg = Release|Win32
		{B83D70DF-518C-3602-BB28-94181D35361D}.MinSizeRel|Win32.ActiveCfg = MinSizeRel|Win32
		{B83D70DF-518C-3602-BB28-94181D35361D}.RelWithDebInfo|Win32.ActiveCfg = RelWithDebInfo|Win32
		{85D06070-DA7B-34B9-A6F8-4C9FBC24E74C}.Debug|Win32.ActiveCfg = Debug|Win32
		{85D06070-DA7B-34B9-A6F8-4C9FBC24E74C}.Debug|Win32.Build.0 = Debug|Win32
		{85D06070-DA7B-34B9-A6F8-4C9FBC24E74C}.Release|Win32.ActiveCfg = Release|Win32
		{85D06070-DA7B-34B9-A6F8-4C9FBC24E74C}.Release|Win32.Build.0 = Release|Win32
		{85D06070-DA7B-34B9-A6F8-4C9FBC24E74C}.MinSizeRel|Win32.ActiveCfg = MinSizeRel|Win32
		{85D06070-DA7B-34B9-A6F8-4C9FBC24E74C}.MinSizeRel|Win32.Build.0 = MinSizeRel|Win32
		{85D06070-DA7B-34B9-A6F8-4C9FBC24E74C}.RelWithDebInfo|Win32.ActiveCfg = RelWithDebInfo|Win32
		{85D06070-DA7B-34B9-A6F8-4C9FBC24E74C}.RelWithDebInfo|Win32.Build.0 = RelWithDebInfo|Win32
		{CEEE91A3-8559-3714-A6C7-E39EFE3DAD7C}.Debug|Win32.ActiveCfg = Debug|Win32
		{CEEE91A3-8559-3714-A6C7-E39EFE3DAD7C}.Debug|Win32.Build.0 = Debug|Win32
		{CEEE91A3-8559-3714-A6C7-E39EFE3DAD7C}.Release|Win32.ActiveCfg = Release|Win32
		{CEEE91A3-8559-3714-A6C7-E39EFE3DAD7C}.Release|Win32.Build.0 = Release|Win32
		{CEEE91A3-8559-3714-A6C7-E39EFE3DAD7C}.MinSizeRel|Win32.ActiveCfg = MinSizeRel|Win32
		{CEEE91A3-8559-3714-A6C7-E39EFE3DAD7C}.MinSizeRel|Win32.Build.0 = MinSizeRel|Win32
		{CEEE91A3-8559-3714-A6C7-E39EFE3DAD7C}.RelWithDebInfo|Win32.ActiveCfg = RelWithDebInfo|Win32
		{CEEE91A3-8559-3714-A6C7-E39EFE3DAD7C}.RelWithDebInfo|Win32.Build.0 = RelWithDebInfo|Win32
		{4992898B-A957-3274-9882-F89315472242}.Debug|Win32.ActiveCfg = Debug|Win32
		{4992898B-A957-3274-9882-F89315472242}.Debug|Win32.Build.0 = Debug|Win32
		{4992898B-A957-3274-9882-F89315472242}.Release|Win32.ActiveCfg = Release|Win32
		{4992898B-A957-3274-9882-F89315472242}.Release|Win32.Build.0 = Release|Win32
		{4992898B-A957-3274-9882-F89315472242}.MinSizeRel|Win32.ActiveCfg = MinSizeRel|Win32
		{4992898B-A957-3274-9882-F89315472242}.MinSizeRel|Win32.Build.0 = MinSizeRel|Win32
		{4992898B-A957-3274-9882-F89315472242}.RelWithDebInfo|Win32.ActiveCfg = RelWithDebInfo|Win32
		{4992898B-A957-3274-9882-F89315472242}.RelWithDebInfo|Win32.Build.0 = RelWithDebInfo|Win32
		{5D3A65B4-DB5F-32F7-B341-EEC8C7251213}.Debug|Win32.ActiveCfg = Debug|Win32
		{5D3A65B4-DB5F-32F7-B341-EEC8C7251213}.Debug|Win32.Build.0 = Debug|Win32
		{5D3A65B4-DB5F-32F7-B341-EEC8C7251213}.Release|Win32.ActiveCfg = Release|Win32
		{5D3A65B4-DB5F-32F7-B341-EEC8C7251213}.Release|Win32.Build.0 = Release|Win32
		{5D3A65B4-DB5F-32F7-B341-EEC8C7251213}.MinSizeRel|Win32.ActiveCfg = MinSizeRel|Win32
		{5D3A65B4-DB5F-32F7-B341-EEC8C7251213}.MinSizeRel|Win32.Build.0 = MinSizeRel|Win32
		{5D3A65B4-DB5F-32F7-B341-EEC8C7251213}.RelWithDebInfo|Win32.ActiveCfg = RelWithDebInfo|Win32
		{5D3A65B4-DB5F-32F7-B341-EEC8C7251213}.RelWithDebInfo|Win32.Build.0 = RelWithDebInfo|Win32
		{DE6F5DE7-B645-3501-BCFA-8B703230DBBB}.Debug|Win32.ActiveCfg = Debug|Win32
		{DE6F5DE7-B645-3501-BCFA-8B703230DBBB}.Debug|Win32.Build.0 = Debug|Win32
		{DE6F5DE7-B645-3501-BCFA-8B703230DBBB}.Release|Win32.ActiveCfg = Release|Win32
		{DE6F5DE7-B645-3501-BCFA-8B703230DBBB}.Release|Win32.Build.0 = Release|Win32
		{DE6F5DE7-B645-3501-BCFA-8B703230DBBB}.MinSizeRel|Win32.ActiveCfg = MinSizeRel|Win32
		{DE6F5DE7-B645-3501-BCFA-8B703230DBBB}.MinSizeRel|Win32.Build.0 = MinSizeRel|Win32
		{DE6F5DE7-B645-3501-BCFA-8B703230DBBB}.RelWithDebInfo|Win32.ActiveCfg = RelWithDebInfo|Win32
		{DE6F5DE7-B645-3501-BCFA-8B703230DBBB}.RelWithDebInfo|Win32.Build.0 = RelWithDebInfo|Win32
		{CA097143-F98C-3778-A1FE-DFCF48B29259}.Debug|Win32.ActiveCfg = Debug|Win32
		{CA097143-F98C-3778-A1FE-DFCF48B29259}.Debug|Win32.Build.0 = Debug|Win32
		{CA097143-F98C-3778-A1FE-DFCF48B29259}.Release|Win32.ActiveCfg = Release|Win32
		{CA097143-F98C-3778-A1FE-DFCF48B29259}.Release|Win32.Build.0 = Release|Win32
		{CA097143-F98C-3778-A1FE-DFCF48B29259}.MinSizeRel|Win32.ActiveCfg = MinSizeRel|Win32
		{CA097143-F98C-3778-A1FE-DFCF48B29259}.MinSizeRel|Win32.Build.0 = MinSizeRel|Win32
		{CA097143-F98C-3778-A1FE-DFCF48B29259}.RelWithDebInfo|Win32.ActiveCfg = RelWithDebInfo|Win32
		{CA097143-F98C-3778-A1FE-DFCF48B29259}.RelWithDebInfo|Win32.Build.0 = RelWithDebInfo|Win32
		{943B64B1-5F7B-3047-8CDA-EEC40516386A}.Debug|Win32.ActiveCfg = Debug|Win32
		{943B64B1-5F7B-3047-8CDA-EEC40516386A}.Debug|Win32.Build.0 = Debug|Win32
		{943B64B1-5F7B-3047-8CDA-EEC40516386A}.Release|Win32.ActiveCfg = Release|Win32
		{943B64B1-5F7B-3047-8CDA-EEC40516386A}.Release|Win32.Build.0 = Release|Win32
		{943B64B1-5F7B-3047-8CDA-EEC40516386A}.MinSizeRel|Win32.ActiveCfg = MinSizeRel|Win32
		{943B64B1-5F7B-3047-8CDA-EEC40516386A}.MinSizeRel|Win32.Build.0 = MinSizeRel|Win32
		{943B64B1-5F7B-3047-8CDA-EEC40516386A}.RelWithDebInfo|Win32.ActiveCfg = RelWithDebInfo|Win32
		{943B64B1-5F7B-3047-8CDA-EEC40516386A}.RelWithDebInfo|Win32.Build.0 = RelWithDebInfo|Win32
		{BEA1DC55-1EB0-3695-AF54-A31ECFA936AD}.Debug|Win32.ActiveCfg = Debug|Win32
		{BEA1DC55-1EB0-3695-AF54-A31ECFA936AD}.Debug|Win32.Build.0 = Debug|Win32
		{BEA1DC55-1EB0-3695-AF54-A31ECFA936AD}.Release|Win32.ActiveCfg = Release|Win32
		{BEA1DC55-1EB0-3695-AF54-A31ECFA936AD}.Release|Win32.Build.0 = Release|Win32
		{BEA1DC55-1EB0-3695-AF54-A31ECFA936AD}.MinSizeRel|Win32.ActiveCfg = MinSizeRel|Win32
		{BEA1DC55-1EB0-3695-AF54-A31ECFA936AD}.MinSizeRel|Win32.Build.0 = MinSizeRel|Win32
		{BEA1DC55-1EB0-3695-AF54-A31ECFA936AD}.RelWithDebInfo|Win32.ActiveCfg = RelWithDebInfo|Win32
		{BEA1DC55-1EB0-3695-AF54-A31ECFA936AD}.RelWithDebInfo|Win32.Build.0 = RelWithDebInfo|Win32
		{850FF78B-E485-33B3-A749-FE21C4F25821}.Debug|Win32.ActiveCfg = Debug|Win32
		{850FF78B-E485-33B3-A749-FE21C4F25821}.Debug|Win32.Build.0 = Debug|Win32
		{850FF78B-E485-33B3-A749-FE21C4F25821}.Release|Win32.ActiveCfg = Release|Win32
		{850FF78B-E485-33B3-A749-FE21C4F25821}.Release|Win32.Build.0 = Release|Win32
		{850FF78B-E485-33B3-A749-FE21C4F25821}.MinSizeRel|Win32.ActiveCfg = MinSizeRel|Win32
		{850FF78B-E485-33B3-A749-FE21C4F25821}.MinSizeRel|Win32.Build.0 = MinSizeRel|Win32
		{850FF78B-E485-33B3-A749-FE21C4F25821}.RelWithDebInfo|Win32.ActiveCfg = RelWithDebInfo|Win32
		{850FF78B-E485-33B3-A749-FE21C4F25821}.RelWithDebInfo|Win32.Build.0 = RelWithDebInfo|Win32
		{83E83D5B-BF61-394E-8C7A-54563519B63F}.Debug|Win32.ActiveCfg = Debug|Win32
		{83E83D5B-BF61-394E-8C7A-54563519B63F}.Debug|Win32.Build.0 = Debug|Win32
		{83E83D5B-BF61-394E-8C7A-54563519B63F}.Release|Win32.ActiveCfg = Release|Win32
		{83E83D5B-BF61-394E-8C7A-54563519B63F}.Release|Win32.Build.0 = Release|Win32
		{83E83D5B-BF61-394E-8C7A-54563519B63F}.MinSizeRel|Win32.ActiveCfg = MinSizeRel|Win32
		{83E83D5B-BF61-394E-8C7A-54563519B63F}.MinSizeRel|Win32.Build.0 = MinSizeRel|Win32
		{83E83D5B-BF61-394E-8C7A-54563519B63F}.RelWithDebInfo|Win32.ActiveCfg = RelWithDebInfo|Win32
		{83E83D5B-BF61-394E-8C7A-54563519B63F}.RelWithDebInfo|Win32.Build.0 = RelWithDebInfo|Win32
		{3663F89F-E470-37F1-A7F4-D418E56DCDB3}.Debug|Win32.ActiveCfg = Debug|Win32
		{3663F89F-E470-37F1-A7F4-D418E56DCDB3}.Debug|Win32.Build.0 = Debug|Win32
		{3663F89F-E470-37F1-A7F4-D418E56DCDB3}.Release|Win32.ActiveCfg = Release|Win32
		{3663F89F-E470-37F1-A7F4-D418E56DCDB3}.Release|Win32.Build.0 = Release|Win32
		{3663F89F-E470-37F1-A7F4-D418E56DCDB3}.MinSizeRel|Win32.ActiveCfg = MinSizeRel|Win32
		{3663F89F-E470-37F1-A7F4-D418E56DCDB3}.MinSizeRel|Win32.Build.0 = MinSizeRel|Win32
		{3663F89F-E470-37F1-A7F4-D418E56DCDB3}.RelWithDebInfo|Win32.ActiveCfg = RelWithDebInfo|Win32
		{3663F89F-E470-37F1-A7F4-D418E56DCDB3}.RelWithDebInfo|Win32.Build.0 = RelWithDebInfo|Win32
		{87BC2CD3-8ACA-3306-86C2-626CA9CDD5B3}.Debug|Win32.ActiveCfg = Debug|Win32
		{87BC2CD3-8ACA-3306-86C2-626CA9CDD5B3}.Debug|Win32.Build.0 = Debug|Win32
		{87BC2CD3-8ACA-3306-86C2-626CA9CDD5B3}.Release|Win32.ActiveCfg = Release|Win32
		{87BC2CD3-8ACA-3306-86C2-626CA9CDD5B3}.Release|Win32.Build.0 = Release|Win32
		{87BC2CD3-8ACA-3306-86C2-626CA9CDD5B3}.MinSizeRel|Win32.ActiveCfg = MinSizeRel|Win32
		{87BC2CD3-8ACA-3306-86C2-626CA9CDD5B3}.MinSizeRel|Win32.Build.0 = MinSizeRel|Win32
		{87BC2CD3-8ACA-3306-86C2-626CA9CDD5B3}.RelWithDebInfo|Win32.ActiveCfg = RelWithDebInfo|Win32
		{87BC2CD3-8ACA-3306-86C2-626CA9CDD5B3}.RelWithDebInfo|Win32.Build.0 = RelWithDebInfo|Win32
		{B33C2A45-BE51-386C-9F77-04636AED0065}.Debug|Win32.ActiveCfg = Debug|Win32
		{B33C2A45-BE51-386C-9F77-04636AED0065}.Debug|Win32.Build.0 = Debug|Win32
		{B33C2A45-BE51-386C-9F77-04636AED0065}.Release|Win32.ActiveCfg = Release|Win32
		{B33C2A45-BE51-386C-9F77-04636AED0065}.Release|Win32.Build.0 = Release|Win32
		{B33C2A45-BE51-386C-9F77-04636AED0065}.MinSizeRel|Win32.ActiveCfg = MinSizeRel|Win32
		{B33C2A45-BE51-386C-9F77-04636AED0065}.MinSizeRel|Win32.Build.0 = MinSizeRel|Win32
		{B33C2A45-BE51-386C-9F77-04636AED0065}.RelWithDebInfo|Win32.ActiveCfg = RelWithDebInfo|Win32
		{B33C2A45-BE51-386C-9F77-04636AED0065}.RelWithDebInfo|Win32.Build.0 = RelWithDebInfo|Win32
		{BF6F4725-3866-30C8-8223-48CD088151D5}.Debug|Win32.ActiveCfg = Debug|Win32
		{BF6F4725-3866-30C8-8223-48CD088151D5}.Debug|Win32.Build.0 = Debug|Win32
		{BF6F4725-3866-30C8-8223-48CD088151D5}.Release|Win32.ActiveCfg = Release|Win32
		{BF6F4725-3866-30C8-8223-48CD088151D5}.Release|Win32.Build.0 = Release|Win32
		{BF6F4725-3866-30C8-8223-48CD088151D5}.MinSizeRel|Win32.ActiveCfg = MinSizeRel|Win32
		{BF6F4725-3866-30C8-8223-48CD088151D5}.MinSizeRel|Win32.Build.0 = MinSizeRel|Win32
		{BF6F4725-3866-30C8-8223-48CD088151D5}.RelWithDebInfo|Win32.ActiveCfg = RelWithDebInfo|Win32
		{BF6F4725-3866-30C8-8223-48CD088151D5}.RelWithDebInfo|Win32.Build.0 = RelWithDebInfo|Win32
		{5846DCAC-6170-3B02-AEA0-F000458A123A}.Debug|Win32.ActiveCfg = Debug|Win32
		{5846DCAC-6170-3B02-AEA0-F000458A123A}.Debug|Win32.Build.0 = Debug|Win32
		{5846DCAC-6170-3B02-AEA0-F000458A123A}.Release|Win32.ActiveCfg = Release|Win32
		{5846DCAC-6170-3B02-AEA0-F000458A123A}.Release|Win32.Build.0 = Release|Win32
		{5846DCAC-6170-3B02-AEA0-F000458A123A}.MinSizeRel|Win32.ActiveCfg = MinSizeRel|Win32
		{5846DCAC-6170-3B02-AEA0-F000458A123A}.MinSizeRel|Win32.Build.0 = MinSizeRel|Win32
		{5846DCAC-6170-3B02-AEA0-F000458A123A}.RelWithDebInfo|Win32.ActiveCfg = RelWithDebInfo|Win32
		{5846DCAC-6170-3B02-AEA0-F000458A123A}.RelWithDebInfo|Win32.Build.0 = RelWithDebInfo|Win32
		{BCA18687-6A6C-38EF-B101-A824F986C2B3}.Debug|Win32.ActiveCfg = Debug|Win32
		{BCA18687-6A6C-38EF-B101-A824F986C2B3}.Debug|Win32.Build.0 = Debug|Win32
		{BCA18687-6A6C-38EF-B101-A824F986C2B3}.Release|Win32.ActiveCfg = Release|Win32
		{BCA18687-6A6C-38EF-B101-A824F986C2B3}.Release|Win32.Build.0 = Release|Win32
		{BCA18687-6A6C-38EF-B101-A824F986C2B3}.MinSizeRel|Win32.ActiveCfg = MinSizeRel|Win32
		{BCA18687-6A6C-38EF-B101-A824F986C2B3}.MinSizeRel|Win32.Build.0 = MinSizeRel|Win32
		{BCA18687-6A6C-38EF-B101-A824F986C2B3}.RelWithDebInfo|Win32.ActiveCfg = RelWithDebInfo|Win32
		{BCA18687-6A6C-38EF-B101-A824F986C2B3}.RelWithDebInfo|Win32.Build.0 = RelWithDebInfo|Win32
		{892C686B-8A23-39BC-AB79-E32E0B4FAEC0}.Debug|Win32.ActiveCfg = Debug|Win32
		{892C686B-8A23-39BC-AB79-E32E0B4FAEC0}.Debug|Win32.Build.0 = Debug|Win32
		{892C686B-8A23-39BC-AB79-E32E0B4FAEC0}.Release|Win32.ActiveCfg = Release|Win32
		{892C686B-8A23-39BC-AB79-E32E0B4FAEC0}.Release|Win32.Build.0 = Release|Win32
		{892C686B-8A23-39BC-AB79-E32E0B4FAEC0}.MinSizeRel|Win32.ActiveCfg = MinSizeRel|Win32
		{892C686B-8A23-39BC-AB79-E32E0B4FAEC0}.MinSizeRel|Win32.Build.0 = MinSizeRel|Win32
		{892C686B-8A23-39BC-AB79-E32E0B4FAEC0}.RelWithDebInfo|Win32.ActiveCfg = RelWithDebInfo|Win32
		{892C686B-8A23-39BC-AB79-E32E0B4FAEC0}.RelWithDebInfo|Win32.Build.0 = RelWithDebInfo|Win32
		{5FD2B6CF-98B9-34B1-A2C1-5E10930C1B6A}.Debug|Win32.ActiveCfg = Debug|Win32
		{5FD2B6CF-98B9-34B1-A2C1-5E10930C1B6A}.Debug|Win32.Build.0 = Debug|Win32
		{5FD2B6CF-98B9-34B1-A2C1-5E10930C1B6A}.Release|Win32.ActiveCfg = Release|Win32
		{5FD2B6CF-98B9-34B1-A2C1-5E10930C1B6A}.Release|Win32.Build.0 = Release|Win32
		{5FD2B6CF-98B9-34B1-A2C1-5E10930C1B6A}.MinSizeRel|Win32.ActiveCfg = MinSizeRel|Win32
		{5FD2B6CF-98B9-34B1-A2C1-5E10930C1B6A}.MinSizeRel|Win32.Build.0 = MinSizeRel|Win32
		{5FD2B6CF-98B9-34B1-A2C1-5E10930C1B6A}.RelWithDebInfo|Win32.ActiveCfg = RelWithDebInfo|Win32
		{5FD2B6CF-98B9-34B1-A2C1-5E10930C1B6A}.RelWithDebInfo|Win32.Build.0 = RelWithDebInfo|Win32
		{B7BB1772-91DF-35EF-8880-319F6E5E0662}.Debug|Win32.ActiveCfg = Debug|Win32
		{B7BB1772-91DF-35EF-8880-319F6E5E0662}.Debug|Win32.Build.0 = Debug|Win32
		{B7BB1772-91DF-35EF-8880-319F6E5E0662}.Release|Win32.ActiveCfg = Release|Win32
		{B7BB1772-91DF-35EF-8880-319F6E5E0662}.Release|Win32.Build.0 = Release|Win32
		{B7BB1772-91DF-35EF-8880-319F6E5E0662}.MinSizeRel|Win32.ActiveCfg = MinSizeRel|Win32
		{B7BB1772-91DF-35EF-8880-319F6E5E0662}.MinSizeRel|Win32.Build.0 = MinSizeRel|Win32
		{B7BB1772-91DF-35EF-8880-319F6E5E0662}.RelWithDebInfo|Win32.ActiveCfg = RelWithDebInfo|Win32
		{B7BB1772-91DF-35EF-8880-319F6E5E0662}.RelWithDebInfo|Win32.Build.0 = RelWithDebInfo|Win32
		{0670DCE0-B782-354A-9270-565F45605C5A}.Debug|Win32.ActiveCfg = Debug|Win32
		{0670DCE0-B782-354A-9270-565F45605C5A}.Debug|Win32.Build.0 = Debug|Win32
		{0670DCE0-B782-354A-9270-565F45605C5A}.Release|Win32.ActiveCfg = Release|Win32
		{0670DCE0-B782-354A-9270-565F45605C5A}.Release|Win32.Build.0 = Release|Win32
		{0670DCE0-B782-354A-9270-565F45605C5A}.MinSizeRel|Win32.ActiveCfg = MinSizeRel|Win32
		{0670DCE0-B782-354A-9270-565F45605C5A}.MinSizeRel|Win32.Build.0 = MinSizeRel|Win32
		{0670DCE0-B782-354A-9270-565F45605C5A}.RelWithDebInfo|Win32.ActiveCfg = RelWithDebInfo|Win32
		{0670DCE0-B782-354A-9270-565F45605C5A}.RelWithDebInfo|Win32.Build.0 = RelWithDebInfo|Win32
		{01E96227-B558-36A4-A398-598EFB9F2936}.Debug|Win32.ActiveCfg = Debug|Win32
		{01E96227-B558-36A4-A398-598EFB9F2936}.Debug|Win32.Build.0 = Debug|Win32
		{01E96227-B558-36A4-A398-598EFB9F2936}.Release|Win32.ActiveCfg = Release|Win32
		{01E96227-B558-36A4-A398-598EFB9F2936}.Release|Win32.Build.0 = Release|Win32
		{01E96227-B558-36A4-A398-598EFB9F2936}.MinSizeRel|Win32.ActiveCfg = MinSizeRel|Win32
		{01E96227-B558-36A4-A398-598EFB9F2936}.MinSizeRel|Win32.Build.0 = MinSizeRel|Win32
		{01E96227-B558-36A4-A398-598EFB9F2936}.RelWithDebInfo|Win32.ActiveCfg = RelWithDebInfo|Win32
		{01E96227-B558-36A4-A398-598EFB9F2936}.RelWithDebInfo|Win32.Build.0 = RelWithDebInfo|Win32
		{45721B3A-E9DD-351F-8DC6-577696A77A98}.Debug|Win32.ActiveCfg = Debug|Win32
		{45721B3A-E9DD-351F-8DC6-577696A77A98}.Debug|Win32.Build.0 = Debug|Win32
		{45721B3A-E9DD-351F-8DC6-577696A77A98}.Release|Win32.ActiveCfg = Release|Win32
		{45721B3A-E9DD-351F-8DC6-577696A77A98}.Release|Win32.Build.0 = Release|Win32
		{45721B3A-E9DD-351F-8DC6-577696A77A98}.MinSizeRel|Win32.ActiveCfg = MinSizeRel|Win32
		{45721B3A-E9DD-351F-8DC6-577696A77A98}.MinSizeRel|Win32.Build.0 = MinSizeRel|Win32
		{45721B3A-E9DD-351F-8DC6-577696A77A98}.RelWithDebInfo|Win32.ActiveCfg = RelWithDebInfo|Win32
		{45721B3A-E9DD-351F-8DC6-577696A77A98}.RelWithDebInfo|Win32.Build.0 = RelWithDebInfo|Win32
		{1C97AA7A-140E-3BEA-942D-5D8D4FC6A3FE}.Debug|Win32.ActiveCfg = Debug|Win32
		{1C97AA7A-140E-3BEA-942D-5D8D4FC6A3FE}.Debug|Win32.Build.0 = Debug|Win32
		{1C97AA7A-140E-3BEA-942D-5D8D4FC6A3FE}.Release|Win32.ActiveCfg = Release|Win32
		{1C97AA7A-140E-3BEA-942D-5D8D4FC6A3FE}.Release|Win32.Build.0 = Release|Win32
		{1C97AA7A-140E-3BEA-942D-5D8D4FC6A3FE}.MinSizeRel|Win32.ActiveCfg = MinSizeRel|Win32
		{1C97AA7A-140E-3BEA-942D-5D8D4FC6A3FE}.MinSizeRel|Win32.Build.0 = MinSizeRel|Win32
		{1C97AA7A-140E-3BEA-942D-5D8D4FC6A3FE}.RelWithDebInfo|Win32.ActiveCfg = RelWithDebInfo|Win32
		{1C97AA7A-140E-3BEA-942D-5D8D4FC6A3FE}.RelWithDebInfo|Win32.Build.0 = RelWithDebInfo|Win32
		{571B92B2-49C8-3811-899B-46053C6E8C58}.Debug|Win32.ActiveCfg = Debug|Win32
		{571B92B2-49C8-3811-899B-46053C6E8C58}.Debug|Win32.Build.0 = Debug|Win32
		{571B92B2-49C8-3811-899B-46053C6E8C58}.Release|Win32.ActiveCfg = Release|Win32
		{571B92B2-49C8-3811-899B-46053C6E8C58}.Release|Win32.Build.0 = Release|Win32
		{571B92B2-49C8-3811-899B-46053C6E8C58}.MinSizeRel|Win32.ActiveCfg = MinSizeRel|Win32
		{571B92B2-49C8-3811-899B-46053C6E8C58}.MinSizeRel|Win32.Build.0 = MinSizeRel|Win32
		{571B92B2-49C8-3811-899B-46053C6E8C58}.RelWithDebInfo|Win32.ActiveCfg = RelWithDebInfo|Win32
		{571B92B2-49C8-3811-899B-46053C6E8C58}.RelWithDebInfo|Win32.Build.0 = RelWithDebInfo|Win32
		{207703B2-6B0C-3CCE-A04F-A9637EE1BB0D}.Debug|Win32.ActiveCfg = Debug|Win32
		{207703B2-6B0C-3CCE-A04F-A9637EE1BB0D}.Debug|Win32.Build.0 = Debug|Win32
		{207703B2-6B0C-3CCE-A04F-A9637EE1BB0D}.Release|Win32.ActiveCfg = Release|Win32
		{207703B2-6B0C-3CCE-A04F-A9637EE1BB0D}.Release|Win32.Build.0 = Release|Win32
		{207703B2-6B0C-3CCE-A04F-A9637EE1BB0D}.MinSizeRel|Win32.ActiveCfg = MinSizeRel|Win32
		{207703B2-6B0C-3CCE-A04F-A9637EE1BB0D}.MinSizeRel|Win32.Build.0 = MinSizeRel|Win32
		{207703B2-6B0C-3CCE-A04F-A9637EE1BB0D}.RelWithDebInfo|Win32.ActiveCfg = RelWithDebInfo|Win32
		{207703B2-6B0C-3CCE-A04F-A9637EE1BB0D}.RelWithDebInfo|Win32.Build.0 = RelWithDebInfo|Win32
		{E1A5DC45-C001-387A-AC08-0396E8474156}.Debug|Win32.ActiveCfg = Debug|Win32
		{E1A5DC45-C001-387A-AC08-0396E8474156}.Debug|Win32.Build.0 = Debug|Win32
		{E1A5DC45-C001-387A-AC08-0396E8474156}.Release|Win32.ActiveCfg = Release|Win32
		{E1A5DC45-C001-387A-AC08-0396E8474156}.Release|Win32.Build.0 = Release|Win32
		{E1A5DC45-C001-387A-AC08-0396E8474156}.MinSizeRel|Win32.ActiveCfg = MinSizeRel|Win32
		{E1A5DC45-C001-387A-AC08-0396E8474156}.MinSizeRel|Win32.Build.0 = MinSizeRel|Win32
		{E1A5DC45-C001-387A-AC08-0396E8474156}.RelWithDebInfo|Win32.ActiveCfg = RelWithDebInfo|Win32
		{E1A5DC45-C001-387A-AC08-0396E8474156}.RelWithDebInfo|Win32.Build.0 = RelWithDebInfo|Win32
		{76068468-0C26-3D06-80B8-FA79AA556373}.Debug|Win32.ActiveCfg = Debug|Win32
		{76068468-0C26-3D06-80B8-FA79AA556373}.Debug|Win32.Build.0 = Debug|Win32
		{76068468-0C26-3D06-80B8-FA79AA556373}.Release|Win32.ActiveCfg = Release|Win32
		{76068468-0C26-3D06-80B8-FA79AA556373}.Release|Win32.Build.0 = Release|Win32
		{76068468-0C26-3D06-80B8-FA79AA556373}.MinSizeRel|Win32.ActiveCfg = MinSizeRel|Win32
		{76068468-0C26-3D06-80B8-FA79AA556373}.MinSizeRel|Win32.Build.0 = MinSizeRel|Win32
		{76068468-0C26-3D06-80B8-FA79AA556373}.RelWithDebInfo|Win32.ActiveCfg = RelWithDebInfo|Win32
		{76068468-0C26-3D06-80B8-FA79AA556373}.RelWithDebInfo|Win32.Build.0 = RelWithDebInfo|Win32
		{FDE72040-14D1-3128-B22B-8F2F32DDD142}.Debug|Win32.ActiveCfg = Debug|Win32
		{FDE72040-14D1-3128-B22B-8F2F32DDD142}.Debug|Win32.Build.0 = Debug|Win32
		{FDE72040-14D1-3128-B22B-8F2F32DDD142}.Release|Win32.ActiveCfg = Release|Win32
		{FDE72040-14D1-3128-B22B-8F2F32DDD142}.Release|Win32.Build.0 = Release|Win32
		{FDE72040-14D1-3128-B22B-8F2F32DDD142}.MinSizeRel|Win32.ActiveCfg = MinSizeRel|Win32
		{FDE72040-14D1-3128-B22B-8F2F32DDD142}.MinSizeRel|Win32.Build.0 = MinSizeRel|Win32
		{FDE72040-14D1-3128-B22B-8F2F32DDD142}.RelWithDebInfo|Win32.ActiveCfg = RelWithDebInfo|Win32
		{FDE72040-14D1-3128-B22B-8F2F32DDD142}.RelWithDebInfo|Win32.Build.0 = RelWithDebInfo|Win32
		{C3934DA2-7DE6-3E8D-972A-B206E85066C1}.Debug|Win32.ActiveCfg = Debug|Win32
		{C3934DA2-7DE6-3E8D-972A-B206E85066C1}.Debug|Win32.Build.0 = Debug|Win32
		{C3934DA2-7DE6-3E8D-972A-B206E85066C1}.Release|Win32.ActiveCfg = Release|Win32
		{C3934DA2-7DE6-3E8D-972A-B206E85066C1}.Release|Win32.Build.0 = Release|Win32
		{C3934DA2-7DE6-3E8D-972A-B206E85066C1}.MinSizeRel|Win32.ActiveCfg = MinSizeRel|Win32
		{C3934DA2-7DE6-3E8D-972A-B206E85066C1}.MinSizeRel|Win32.Build.0 = MinSizeRel|Win32
		{C3934DA2-7DE6-3E8D-972A-B206E85066C1}.RelWithDebInfo|Win32.ActiveCfg = RelWithDebInfo|Win32
		{C3934DA2-7DE6-3E8D-972A-B206E85066C1}.RelWithDebInfo|Win32.Build.0 = RelWithDebInfo|Win32
		{F4D10447-7CA7-30D2-BBC8-DF3470469A10}.Debug|Win32.ActiveCfg = Debug|Win32
		{F4D10447-7CA7-30D2-BBC8-DF3470469A10}.Debug|Win32.Build.0 = Debug|Win32
		{F4D10447-7CA7-30D2-BBC8-DF3470469A10}.Release|Win32.ActiveCfg = Release|Win32
		{F4D10447-7CA7-30D2-BBC8-DF3470469A10}.Release|Win32.Build.0 = Release|Win32
		{F4D10447-7CA7-30D2-BBC8-DF3470469A10}.MinSizeRel|Win32.ActiveCfg = MinSizeRel|Win32
		{F4D10447-7CA7-30D2-BBC8-DF3470469A10}.MinSizeRel|Win32.Build.0 = MinSizeRel|Win32
		{F4D10447-7CA7-30D2-BBC8-DF3470469A10}.RelWithDebInfo|Win32.ActiveCfg = RelWithDebInfo|Win32
		{F4D10447-7CA7-30D2-BBC8-DF3470469A10}.RelWithDebInfo|Win32.Build.0 = RelWithDebInfo|Win32
		{7D5F431A-E75E-3901-A609-FA580D34DD3D}.Debug|Win32.ActiveCfg = Debug|Win32
		{7D5F431A-E75E-3901-A609-FA580D34DD3D}.Debug|Win32.Build.0 = Debug|Win32
		{7D5F431A-E75E-3901-A609-FA580D34DD3D}.Release|Win32.ActiveCfg = Release|Win32
		{7D5F431A-E75E-3901-A609-FA580D34DD3D}.Release|Win32.Build.0 = Release|Win32
		{7D5F431A-E75E-3901-A609-FA580D34DD3D}.MinSizeRel|Win32.ActiveCfg = MinSizeRel|Win32
		{7D5F431A-E75E-3901-A609-FA580D34DD3D}.MinSizeRel|Win32.Build.0 = MinSizeRel|Win32
		{7D5F431A-E75E-3901-A609-FA580D34DD3D}.RelWithDebInfo|Win32.ActiveCfg = RelWithDebInfo|Win32
		{7D5F431A-E75E-3901-A609-FA580D34DD3D}.RelWithDebInfo|Win32.Build.0 = RelWithDebInfo|Win32
		{1EAF2FBD-635B-3ABD-B92A-68FF8CA69D15}.Debug|Win32.ActiveCfg = Debug|Win32
		{1EAF2FBD-635B-3ABD-B92A-68FF8CA69D15}.Debug|Win32.Build.0 = Debug|Win32
		{1EAF2FBD-635B-3ABD-B92A-68FF8CA69D15}.Release|Win32.ActiveCfg = Release|Win32
		{1EAF2FBD-635B-3ABD-B92A-68FF8CA69D15}.Release|Win32.Build.0 = Release|Win32
		{1EAF2FBD-635B-3ABD-B92A-68FF8CA69D15}.MinSizeRel|Win32.ActiveCfg = MinSizeRel|Win32
		{1EAF2FBD-635B-3ABD-B92A-68FF8CA69D15}.MinSizeRel|Win32.Build.0 = MinSizeRel|Win32
		{1EAF2FBD-635B-3ABD-B92A-68FF8CA69D15}.RelWithDebInfo|Win32.ActiveCfg = RelWithDebInfo|Win32
		{1EAF2FBD-635B-3ABD-B92A-68FF8CA69D15}.RelWithDebInfo|Win32.Build.0 = RelWithDebInfo|Win32
		{A0338DF1-79F1-3797-85B2-C30D4B9D9CE7}.Debug|Win32.ActiveCfg = Debug|Win32
		{A0338DF1-79F1-3797-85B2-C30D4B9D9CE7}.Debug|Win32.Build.0 = Debug|Win32
		{A0338DF1-79F1-3797-85B2-C30D4B9D9CE7}.Release|Win32.ActiveCfg = Release|Win32
		{A0338DF1-79F1-3797-85B2-C30D4B9D9CE7}.Release|Win32.Build.0 = Release|Win32
		{A0338DF1-79F1-3797-85B2-C30D4B9D9CE7}.MinSizeRel|Win32.ActiveCfg = MinSizeRel|Win32
		{A0338DF1-79F1-3797-85B2-C30D4B9D9CE7}.MinSizeRel|Win32.Build.0 = MinSizeRel|Win32
		{A0338DF1-79F1-3797-85B2-C30D4B9D9CE7}.RelWithDebInfo|Win32.ActiveCfg = RelWithDebInfo|Win32
		{A0338DF1-79F1-3797-85B2-C30D4B9D9CE7}.RelWithDebInfo|Win32.Build.0 = RelWithDebInfo|Win32
		{51F0D95C-EA32-3F98-8159-2836128337A5}.Debug|Win32.ActiveCfg = Debug|Win32
		{51F0D95C-EA32-3F98-8159-2836128337A5}.Debug|Win32.Build.0 = Debug|Win32
		{51F0D95C-EA32-3F98-8159-2836128337A5}.Release|Win32.ActiveCfg = Release|Win32
		{51F0D95C-EA32-3F98-8159-2836128337A5}.Release|Win32.Build.0 = Release|Win32
		{51F0D95C-EA32-3F98-8159-2836128337A5}.MinSizeRel|Win32.ActiveCfg = MinSizeRel|Win32
		{51F0D95C-EA32-3F98-8159-2836128337A5}.MinSizeRel|Win32.Build.0 = MinSizeRel|Win32
		{51F0D95C-EA32-3F98-8159-2836128337A5}.RelWithDebInfo|Win32.ActiveCfg = RelWithDebInfo|Win32
		{51F0D95C-EA32-3F98-8159-2836128337A5}.RelWithDebInfo|Win32.Build.0 = RelWithDebInfo|Win32
	EndGlobalSection
	GlobalSection(ExtensibilityGlobals) = postSolution
		SolutionGuid = {1A16B8D2-9181-364A-B3DA-F1E7A21B58CF}
	EndGlobalSection
	GlobalSection(ExtensibilityAddIns) = postSolution
	EndGlobalSection
EndGlobal
